// !$*UTF8*$!
{
	archiveVersion = 1;
	classes = {
	};
	objectVersion = 46;
	objects = {

/* Begin PBXBuildFile section */
		DB1ABDD416F6EBC400C36FC2 /* SDCachedURLResponse.m in Sources */ = {isa = PBXBuildFile; fileRef = DB1ABDD116F6EBC400C36FC2 /* SDCachedURLResponse.m */; };
		DB1ABDD516F6EBC400C36FC2 /* SDURLCache.m in Sources */ = {isa = PBXBuildFile; fileRef = DB1ABDD316F6EBC400C36FC2 /* SDURLCache.m */; };
		DB41071016E86BFF00DE7DB7 /* TFHpple.m in Sources */ = {isa = PBXBuildFile; fileRef = DB41070B16E86BFF00DE7DB7 /* TFHpple.m */; };
		DB41071116E86BFF00DE7DB7 /* TFHppleElement.m in Sources */ = {isa = PBXBuildFile; fileRef = DB41070D16E86BFF00DE7DB7 /* TFHppleElement.m */; };
		DB41071216E86BFF00DE7DB7 /* XPathQuery.m in Sources */ = {isa = PBXBuildFile; fileRef = DB41070F16E86BFF00DE7DB7 /* XPathQuery.m */; };
		DB41071516E86D8E00DE7DB7 /* libxml2.2.dylib in Frameworks */ = {isa = PBXBuildFile; fileRef = DB41071416E86D8E00DE7DB7 /* libxml2.2.dylib */; };
		DB49CA7E1702DE2D004F3C7B /* ASIAuthenticationDialog.m in Sources */ = {isa = PBXBuildFile; fileRef = DB49CA271702DE2D004F3C7B /* ASIAuthenticationDialog.m */; };
		DB49CA7F1702DE2D004F3C7B /* ASIDataCompressor.m in Sources */ = {isa = PBXBuildFile; fileRef = DB49CA2A1702DE2D004F3C7B /* ASIDataCompressor.m */; };
		DB49CA801702DE2D004F3C7B /* ASIDataDecompressor.m in Sources */ = {isa = PBXBuildFile; fileRef = DB49CA2C1702DE2D004F3C7B /* ASIDataDecompressor.m */; };
		DB49CA811702DE2D004F3C7B /* ASIDownloadCache.m in Sources */ = {isa = PBXBuildFile; fileRef = DB49CA2E1702DE2D004F3C7B /* ASIDownloadCache.m */; };
		DB49CA821702DE2D004F3C7B /* ASIFormDataRequest.m in Sources */ = {isa = PBXBuildFile; fileRef = DB49CA301702DE2D004F3C7B /* ASIFormDataRequest.m */; };
		DB49CA831702DE2D004F3C7B /* ASIHTTPRequest.m in Sources */ = {isa = PBXBuildFile; fileRef = DB49CA321702DE2D004F3C7B /* ASIHTTPRequest.m */; };
		DB49CA841702DE2D004F3C7B /* ASIInputStream.m in Sources */ = {isa = PBXBuildFile; fileRef = DB49CA361702DE2D004F3C7B /* ASIInputStream.m */; };
		DB49CA851702DE2D004F3C7B /* ASINetworkQueue.m in Sources */ = {isa = PBXBuildFile; fileRef = DB49CA381702DE2D004F3C7B /* ASINetworkQueue.m */; };
		DB49CA861702DE2D004F3C7B /* ASIWebPageRequest.m in Sources */ = {isa = PBXBuildFile; fileRef = DB49CA3C1702DE2D004F3C7B /* ASIWebPageRequest.m */; };
		DB49CA871702DE2D004F3C7B /* ASICloudFilesCDNRequest.m in Sources */ = {isa = PBXBuildFile; fileRef = DB49CA3F1702DE2D004F3C7B /* ASICloudFilesCDNRequest.m */; };
		DB49CA881702DE2D004F3C7B /* ASICloudFilesContainer.m in Sources */ = {isa = PBXBuildFile; fileRef = DB49CA411702DE2D004F3C7B /* ASICloudFilesContainer.m */; };
		DB49CA891702DE2D004F3C7B /* ASICloudFilesContainerRequest.m in Sources */ = {isa = PBXBuildFile; fileRef = DB49CA431702DE2D004F3C7B /* ASICloudFilesContainerRequest.m */; };
		DB49CA8A1702DE2D004F3C7B /* ASICloudFilesContainerXMLParserDelegate.m in Sources */ = {isa = PBXBuildFile; fileRef = DB49CA451702DE2D004F3C7B /* ASICloudFilesContainerXMLParserDelegate.m */; };
		DB49CA8B1702DE2D004F3C7B /* ASICloudFilesObject.m in Sources */ = {isa = PBXBuildFile; fileRef = DB49CA471702DE2D004F3C7B /* ASICloudFilesObject.m */; };
		DB49CA8C1702DE2D004F3C7B /* ASICloudFilesObjectRequest.m in Sources */ = {isa = PBXBuildFile; fileRef = DB49CA491702DE2D004F3C7B /* ASICloudFilesObjectRequest.m */; };
		DB49CA8D1702DE2D004F3C7B /* ASICloudFilesRequest.m in Sources */ = {isa = PBXBuildFile; fileRef = DB49CA4B1702DE2D004F3C7B /* ASICloudFilesRequest.m */; };
		DB49CA8E1702DE2D004F3C7B /* ASIS3Bucket.m in Sources */ = {isa = PBXBuildFile; fileRef = DB49CA4F1702DE2D004F3C7B /* ASIS3Bucket.m */; };
		DB49CA8F1702DE2D004F3C7B /* ASIS3BucketObject.m in Sources */ = {isa = PBXBuildFile; fileRef = DB49CA511702DE2D004F3C7B /* ASIS3BucketObject.m */; };
		DB49CA901702DE2D004F3C7B /* ASIS3BucketRequest.m in Sources */ = {isa = PBXBuildFile; fileRef = DB49CA531702DE2D004F3C7B /* ASIS3BucketRequest.m */; };
		DB49CA911702DE2D004F3C7B /* ASIS3ObjectRequest.m in Sources */ = {isa = PBXBuildFile; fileRef = DB49CA551702DE2D004F3C7B /* ASIS3ObjectRequest.m */; };
		DB49CA921702DE2D004F3C7B /* ASIS3Request.m in Sources */ = {isa = PBXBuildFile; fileRef = DB49CA571702DE2D004F3C7B /* ASIS3Request.m */; };
		DB49CA931702DE2D004F3C7B /* ASIS3ServiceRequest.m in Sources */ = {isa = PBXBuildFile; fileRef = DB49CA591702DE2D004F3C7B /* ASIS3ServiceRequest.m */; };
		DB49CA941702DE2D004F3C7B /* ASICloudFilesRequestTests.m in Sources */ = {isa = PBXBuildFile; fileRef = DB49CA5C1702DE2D004F3C7B /* ASICloudFilesRequestTests.m */; };
		DB49CA951702DE2D004F3C7B /* ASIDataCompressorTests.m in Sources */ = {isa = PBXBuildFile; fileRef = DB49CA5E1702DE2D004F3C7B /* ASIDataCompressorTests.m */; };
		DB49CA961702DE2D004F3C7B /* ASIDownloadCacheTests.m in Sources */ = {isa = PBXBuildFile; fileRef = DB49CA601702DE2D004F3C7B /* ASIDownloadCacheTests.m */; };
		DB49CA971702DE2D004F3C7B /* ASIFormDataRequestTests.m in Sources */ = {isa = PBXBuildFile; fileRef = DB49CA621702DE2D004F3C7B /* ASIFormDataRequestTests.m */; };
		DB49CA981702DE2D004F3C7B /* ASIHTTPRequestTests.m in Sources */ = {isa = PBXBuildFile; fileRef = DB49CA641702DE2D004F3C7B /* ASIHTTPRequestTests.m */; };
		DB49CA991702DE2D004F3C7B /* ASINetworkQueueTests.m in Sources */ = {isa = PBXBuildFile; fileRef = DB49CA661702DE2D004F3C7B /* ASINetworkQueueTests.m */; };
		DB49CA9A1702DE2D004F3C7B /* ASIS3RequestTests.m in Sources */ = {isa = PBXBuildFile; fileRef = DB49CA681702DE2D004F3C7B /* ASIS3RequestTests.m */; };
		DB49CA9B1702DE2D004F3C7B /* ASITestCase.m in Sources */ = {isa = PBXBuildFile; fileRef = DB49CA6A1702DE2D004F3C7B /* ASITestCase.m */; };
		DB49CA9C1702DE2D004F3C7B /* ASIWebPageRequestTests.m in Sources */ = {isa = PBXBuildFile; fileRef = DB49CA6C1702DE2D004F3C7B /* ASIWebPageRequestTests.m */; };
		DB49CA9D1702DE2D004F3C7B /* BlocksTests.m in Sources */ = {isa = PBXBuildFile; fileRef = DB49CA6E1702DE2D004F3C7B /* BlocksTests.m */; };
		DB49CA9E1702DE2D004F3C7B /* ClientCertificateTests.m in Sources */ = {isa = PBXBuildFile; fileRef = DB49CA701702DE2D004F3C7B /* ClientCertificateTests.m */; };
		DB49CA9F1702DE2D004F3C7B /* GHUnitTestMain.m in Sources */ = {isa = PBXBuildFile; fileRef = DB49CA711702DE2D004F3C7B /* GHUnitTestMain.m */; };
		DB49CAA01702DE2D004F3C7B /* PerformanceTests.m in Sources */ = {isa = PBXBuildFile; fileRef = DB49CA731702DE2D004F3C7B /* PerformanceTests.m */; };
		DB49CAA11702DE2D004F3C7B /* ProxyTests.m in Sources */ = {isa = PBXBuildFile; fileRef = DB49CA751702DE2D004F3C7B /* ProxyTests.m */; };
		DB49CAA21702DE2D004F3C7B /* StressTests.m in Sources */ = {isa = PBXBuildFile; fileRef = DB49CA771702DE2D004F3C7B /* StressTests.m */; };
		DB49CAA31702DE2D004F3C7B /* README-GHUnit in Resources */ = {isa = PBXBuildFile; fileRef = DB49CA7A1702DE2D004F3C7B /* README-GHUnit */; };
		DB49CAA41702DE2D004F3C7B /* Reachability.m in Sources */ = {isa = PBXBuildFile; fileRef = DB49CA7D1702DE2D004F3C7B /* Reachability.m */; };
		DB4E547E16D3199C00CBF9EB /* DDMenuController.m in Sources */ = {isa = PBXBuildFile; fileRef = DB4E547C16D3199C00CBF9EB /* DDMenuController.m */; settings = {COMPILER_FLAGS = "-fobjc-arc"; }; };
		DB61AECC16B2589D006EC642 /* UIKit.framework in Frameworks */ = {isa = PBXBuildFile; fileRef = DB61AECB16B2589D006EC642 /* UIKit.framework */; };
		DB61AECE16B2589D006EC642 /* Foundation.framework in Frameworks */ = {isa = PBXBuildFile; fileRef = DB61AECD16B2589D006EC642 /* Foundation.framework */; };
		DB61AED016B2589D006EC642 /* CoreGraphics.framework in Frameworks */ = {isa = PBXBuildFile; fileRef = DB61AECF16B2589D006EC642 /* CoreGraphics.framework */; };
		DB61AED616B2589D006EC642 /* InfoPlist.strings in Resources */ = {isa = PBXBuildFile; fileRef = DB61AED416B2589D006EC642 /* InfoPlist.strings */; };
		DB61AED816B2589D006EC642 /* main.m in Sources */ = {isa = PBXBuildFile; fileRef = DB61AED716B2589D006EC642 /* main.m */; };
		DB61AEDC16B2589D006EC642 /* AppDelegate.m in Sources */ = {isa = PBXBuildFile; fileRef = DB61AEDB16B2589D006EC642 /* AppDelegate.m */; };
		DB61AF1216B26F96006EC642 /* LeafNavigationBar.m in Sources */ = {isa = PBXBuildFile; fileRef = DB61AF1116B26F96006EC642 /* LeafNavigationBar.m */; };
		DB61AF3816B27812006EC642 /* LeafCategory.m in Sources */ = {isa = PBXBuildFile; fileRef = DB61AF3316B27812006EC642 /* LeafCategory.m */; };
		DB61AF3916B27812006EC642 /* UILabel+LeafHelper.m in Sources */ = {isa = PBXBuildFile; fileRef = DB61AF3716B27812006EC642 /* UILabel+LeafHelper.m */; };
		DB70FD9616BA320800FD1A8E /* back.png in Resources */ = {isa = PBXBuildFile; fileRef = DB70FD9416BA320700FD1A8E /* back.png */; };
		DB70FD9716BA320800FD1A8E /* back@2x.png in Resources */ = {isa = PBXBuildFile; fileRef = DB70FD9516BA320800FD1A8E /* back@2x.png */; };
		DB70FDA416BA582900FD1A8E /* page.html in Resources */ = {isa = PBXBuildFile; fileRef = DB70FDA316BA582800FD1A8E /* page.html */; };
		DB8593D116B55EAD009773F1 /* Default-568h@2x.png in Resources */ = {isa = PBXBuildFile; fileRef = DB8593D016B55EAD009773F1 /* Default-568h@2x.png */; };
		DB8593DC16B6C45C009773F1 /* placeholder.png in Resources */ = {isa = PBXBuildFile; fileRef = DB8593DA16B6C45C009773F1 /* placeholder.png */; };
		DB8593DD16B6C45C009773F1 /* placeholder@2x.png in Resources */ = {isa = PBXBuildFile; fileRef = DB8593DB16B6C45C009773F1 /* placeholder@2x.png */; };
		DB8593E016B6C46C009773F1 /* icon.png in Resources */ = {isa = PBXBuildFile; fileRef = DB8593DF16B6C46C009773F1 /* icon.png */; };
		DB8593E216B6C475009773F1 /* icon@2x.png in Resources */ = {isa = PBXBuildFile; fileRef = DB8593E116B6C475009773F1 /* icon@2x.png */; };
		DB8593ED16B81012009773F1 /* close.png in Resources */ = {isa = PBXBuildFile; fileRef = DB8593EB16B81012009773F1 /* close.png */; };
		DB8593EE16B81012009773F1 /* close@2x.png in Resources */ = {isa = PBXBuildFile; fileRef = DB8593EC16B81012009773F1 /* close@2x.png */; };
		DBADCD8216F8444C00065CB5 /* LeafCache.m in Sources */ = {isa = PBXBuildFile; fileRef = DBADCD8116F8444C00065CB5 /* LeafCache.m */; };
		DBADCD8A16F84CCA00065CB5 /* LeafMenuController.m in Sources */ = {isa = PBXBuildFile; fileRef = DBADCD8416F84CCA00065CB5 /* LeafMenuController.m */; };
		DBADCD8B16F84CCA00065CB5 /* LeafMainViewController.m in Sources */ = {isa = PBXBuildFile; fileRef = DBADCD8616F84CCA00065CB5 /* LeafMainViewController.m */; };
		DBADCD9716F94DE000065CB5 /* LeafContentView.m in Sources */ = {isa = PBXBuildFile; fileRef = DBADCD9616F94DE000065CB5 /* LeafContentView.m */; };
		DBADCDF61702862400065CB5 /* LeafDownloadTask.m in Sources */ = {isa = PBXBuildFile; fileRef = DBADCDF51702862300065CB5 /* LeafDownloadTask.m */; };
		DBD8259C16B6203C00EC4439 /* EGORefreshTableHeaderView.m in Sources */ = {isa = PBXBuildFile; fileRef = DBD8259B16B6203C00EC4439 /* EGORefreshTableHeaderView.m */; };
		DBD825A316B6204F00EC4439 /* LeafURLConnection.m in Sources */ = {isa = PBXBuildFile; fileRef = DBD825A016B6204F00EC4439 /* LeafURLConnection.m */; };
		DBD825AA16B6211800EC4439 /* QuartzCore.framework in Frameworks */ = {isa = PBXBuildFile; fileRef = DBD825A916B6211800EC4439 /* QuartzCore.framework */; };
		DBD825B016B6244900EC4439 /* LeafNewsData.m in Sources */ = {isa = PBXBuildFile; fileRef = DBD825AF16B6244900EC4439 /* LeafNewsData.m */; };
		DBD825B416B6285E00EC4439 /* MBProgressHUD.m in Sources */ = {isa = PBXBuildFile; fileRef = DBD825B316B6285E00EC4439 /* MBProgressHUD.m */; };
		DBD825BA16B628C500EC4439 /* EGOLoadMoreTableFooterView.m in Sources */ = {isa = PBXBuildFile; fileRef = DBD825B816B628C500EC4439 /* EGOLoadMoreTableFooterView.m */; };
		DBD825BD16B6295E00EC4439 /* LeafCommentBox.m in Sources */ = {isa = PBXBuildFile; fileRef = DBD825BC16B6295E00EC4439 /* LeafCommentBox.m */; };
		DBD825DA16B644D600EC4439 /* blackArrow.png in Resources */ = {isa = PBXBuildFile; fileRef = DBD825C716B644D600EC4439 /* blackArrow.png */; };
		DBD825DB16B644D600EC4439 /* blackArrow@2x.png in Resources */ = {isa = PBXBuildFile; fileRef = DBD825C816B644D600EC4439 /* blackArrow@2x.png */; };
		DBD825DC16B644D600EC4439 /* comment_box.png in Resources */ = {isa = PBXBuildFile; fileRef = DBD825C916B644D600EC4439 /* comment_box.png */; };
		DBD825DD16B644D600EC4439 /* comment_box@2x.png in Resources */ = {isa = PBXBuildFile; fileRef = DBD825CA16B644D600EC4439 /* comment_box@2x.png */; };
		DBD825DE16B644D600EC4439 /* header.png in Resources */ = {isa = PBXBuildFile; fileRef = DBD825CB16B644D600EC4439 /* header.png */; };
		DBD825DF16B644D600EC4439 /* header@2x.png in Resources */ = {isa = PBXBuildFile; fileRef = DBD825CC16B644D600EC4439 /* header@2x.png */; };
		DBD825E016B644D600EC4439 /* header_shadow.png in Resources */ = {isa = PBXBuildFile; fileRef = DBD825CD16B644D600EC4439 /* header_shadow.png */; };
		DBD825E116B644D600EC4439 /* header_shadow@2x.png in Resources */ = {isa = PBXBuildFile; fileRef = DBD825CE16B644D600EC4439 /* header_shadow@2x.png */; };
		DBD825E216B644D600EC4439 /* menu.png in Resources */ = {isa = PBXBuildFile; fileRef = DBD825CF16B644D600EC4439 /* menu.png */; };
		DBD825E316B644D600EC4439 /* menu@2x.png in Resources */ = {isa = PBXBuildFile; fileRef = DBD825D016B644D600EC4439 /* menu@2x.png */; };
		DBD825E416B644D600EC4439 /* refresh.png in Resources */ = {isa = PBXBuildFile; fileRef = DBD825D116B644D600EC4439 /* refresh.png */; };
		DBD825E516B644D600EC4439 /* refresh@2x.png in Resources */ = {isa = PBXBuildFile; fileRef = DBD825D216B644D600EC4439 /* refresh@2x.png */; };
		DBD825E616B644D600EC4439 /* safari.png in Resources */ = {isa = PBXBuildFile; fileRef = DBD825D316B644D600EC4439 /* safari.png */; };
		DBD825E716B644D600EC4439 /* safari@2x.png in Resources */ = {isa = PBXBuildFile; fileRef = DBD825D416B644D600EC4439 /* safari@2x.png */; };
		DBD825E816B644D600EC4439 /* sep_line.png in Resources */ = {isa = PBXBuildFile; fileRef = DBD825D516B644D600EC4439 /* sep_line.png */; };
		DBD825E916B644D600EC4439 /* sep_line@2x.png in Resources */ = {isa = PBXBuildFile; fileRef = DBD825D616B644D600EC4439 /* sep_line@2x.png */; };
		DBD825EA16B644D600EC4439 /* FZLanTingHei-DB-GBK.TTF in Resources */ = {isa = PBXBuildFile; fileRef = DBD825D816B644D600EC4439 /* FZLanTingHei-DB-GBK.TTF */; };
		DBD825EB16B644D600EC4439 /* FZLanTingHei-R-GBK.TTF in Resources */ = {isa = PBXBuildFile; fileRef = DBD825D916B644D600EC4439 /* FZLanTingHei-R-GBK.TTF */; };
		DBD825EE16B6590700EC4439 /* LeafNewsItem.m in Sources */ = {isa = PBXBuildFile; fileRef = DBD825ED16B6590300EC4439 /* LeafNewsItem.m */; };
		DBD8260016B65E1300EC4439 /* SDImageCache.m in Sources */ = {isa = PBXBuildFile; fileRef = DBD825F116B65E1300EC4439 /* SDImageCache.m */; };
		DBD8260116B65E1300EC4439 /* SDWebImageDecoder.m in Sources */ = {isa = PBXBuildFile; fileRef = DBD825F516B65E1300EC4439 /* SDWebImageDecoder.m */; };
		DBD8260216B65E1300EC4439 /* SDWebImageDownloader.m in Sources */ = {isa = PBXBuildFile; fileRef = DBD825F716B65E1300EC4439 /* SDWebImageDownloader.m */; };
		DBD8260316B65E1300EC4439 /* SDWebImageManager.m in Sources */ = {isa = PBXBuildFile; fileRef = DBD825FA16B65E1300EC4439 /* SDWebImageManager.m */; };
		DBD8260416B65E1300EC4439 /* SDWebImagePrefetcher.m in Sources */ = {isa = PBXBuildFile; fileRef = DBD825FD16B65E1300EC4439 /* SDWebImagePrefetcher.m */; };
		DBD8260516B65E1300EC4439 /* UIImageView+WebCache.m in Sources */ = {isa = PBXBuildFile; fileRef = DBD825FF16B65E1300EC4439 /* UIImageView+WebCache.m */; };
		DBD8260716B6613900EC4439 /* ImageIO.framework in Frameworks */ = {isa = PBXBuildFile; fileRef = DBD8260616B6613900EC4439 /* ImageIO.framework */; };
		DBE3627816F0137200494A0C /* LeafConfig.m in Sources */ = {isa = PBXBuildFile; fileRef = DBE3627716F0137200494A0C /* LeafConfig.m */; };
		DBECD52D16BA9EA000C4AE31 /* LeafLoadingView.m in Sources */ = {isa = PBXBuildFile; fileRef = DBECD52C16BA9EA000C4AE31 /* LeafLoadingView.m */; };
		DBECD53316BAC32200C4AE31 /* leaf.css in Resources */ = {isa = PBXBuildFile; fileRef = DBECD53216BAC32200C4AE31 /* leaf.css */; };
/* End PBXBuildFile section */

/* Begin PBXFileReference section */
		DB1ABDD016F6EBC400C36FC2 /* SDCachedURLResponse.h */ = {isa = PBXFileReference; fileEncoding = 4; lastKnownFileType = sourcecode.c.h; path = SDCachedURLResponse.h; sourceTree = "<group>"; };
		DB1ABDD116F6EBC400C36FC2 /* SDCachedURLResponse.m */ = {isa = PBXFileReference; fileEncoding = 4; lastKnownFileType = sourcecode.c.objc; path = SDCachedURLResponse.m; sourceTree = "<group>"; };
		DB1ABDD216F6EBC400C36FC2 /* SDURLCache.h */ = {isa = PBXFileReference; fileEncoding = 4; lastKnownFileType = sourcecode.c.h; path = SDURLCache.h; sourceTree = "<group>"; };
		DB1ABDD316F6EBC400C36FC2 /* SDURLCache.m */ = {isa = PBXFileReference; fileEncoding = 4; lastKnownFileType = sourcecode.c.objc; path = SDURLCache.m; sourceTree = "<group>"; };
		DB41070A16E86BFF00DE7DB7 /* TFHpple.h */ = {isa = PBXFileReference; fileEncoding = 4; lastKnownFileType = sourcecode.c.h; path = TFHpple.h; sourceTree = "<group>"; };
		DB41070B16E86BFF00DE7DB7 /* TFHpple.m */ = {isa = PBXFileReference; fileEncoding = 4; lastKnownFileType = sourcecode.c.objc; path = TFHpple.m; sourceTree = "<group>"; };
		DB41070C16E86BFF00DE7DB7 /* TFHppleElement.h */ = {isa = PBXFileReference; fileEncoding = 4; lastKnownFileType = sourcecode.c.h; path = TFHppleElement.h; sourceTree = "<group>"; };
		DB41070D16E86BFF00DE7DB7 /* TFHppleElement.m */ = {isa = PBXFileReference; fileEncoding = 4; lastKnownFileType = sourcecode.c.objc; path = TFHppleElement.m; sourceTree = "<group>"; };
		DB41070E16E86BFF00DE7DB7 /* XPathQuery.h */ = {isa = PBXFileReference; fileEncoding = 4; lastKnownFileType = sourcecode.c.h; path = XPathQuery.h; sourceTree = "<group>"; };
		DB41070F16E86BFF00DE7DB7 /* XPathQuery.m */ = {isa = PBXFileReference; fileEncoding = 4; lastKnownFileType = sourcecode.c.objc; path = XPathQuery.m; sourceTree = "<group>"; };
		DB41071416E86D8E00DE7DB7 /* libxml2.2.dylib */ = {isa = PBXFileReference; lastKnownFileType = "compiled.mach-o.dylib"; name = libxml2.2.dylib; path = usr/lib/libxml2.2.dylib; sourceTree = SDKROOT; };
		DB49CA261702DE2D004F3C7B /* ASIAuthenticationDialog.h */ = {isa = PBXFileReference; fileEncoding = 4; lastKnownFileType = sourcecode.c.h; path = ASIAuthenticationDialog.h; sourceTree = "<group>"; };
		DB49CA271702DE2D004F3C7B /* ASIAuthenticationDialog.m */ = {isa = PBXFileReference; fileEncoding = 4; lastKnownFileType = sourcecode.c.objc; path = ASIAuthenticationDialog.m; sourceTree = "<group>"; };
		DB49CA281702DE2D004F3C7B /* ASICacheDelegate.h */ = {isa = PBXFileReference; fileEncoding = 4; lastKnownFileType = sourcecode.c.h; path = ASICacheDelegate.h; sourceTree = "<group>"; };
		DB49CA291702DE2D004F3C7B /* ASIDataCompressor.h */ = {isa = PBXFileReference; fileEncoding = 4; lastKnownFileType = sourcecode.c.h; path = ASIDataCompressor.h; sourceTree = "<group>"; };
		DB49CA2A1702DE2D004F3C7B /* ASIDataCompressor.m */ = {isa = PBXFileReference; fileEncoding = 4; lastKnownFileType = sourcecode.c.objc; path = ASIDataCompressor.m; sourceTree = "<group>"; };
		DB49CA2B1702DE2D004F3C7B /* ASIDataDecompressor.h */ = {isa = PBXFileReference; fileEncoding = 4; lastKnownFileType = sourcecode.c.h; path = ASIDataDecompressor.h; sourceTree = "<group>"; };
		DB49CA2C1702DE2D004F3C7B /* ASIDataDecompressor.m */ = {isa = PBXFileReference; fileEncoding = 4; lastKnownFileType = sourcecode.c.objc; path = ASIDataDecompressor.m; sourceTree = "<group>"; };
		DB49CA2D1702DE2D004F3C7B /* ASIDownloadCache.h */ = {isa = PBXFileReference; fileEncoding = 4; lastKnownFileType = sourcecode.c.h; path = ASIDownloadCache.h; sourceTree = "<group>"; };
		DB49CA2E1702DE2D004F3C7B /* ASIDownloadCache.m */ = {isa = PBXFileReference; fileEncoding = 4; lastKnownFileType = sourcecode.c.objc; path = ASIDownloadCache.m; sourceTree = "<group>"; };
		DB49CA2F1702DE2D004F3C7B /* ASIFormDataRequest.h */ = {isa = PBXFileReference; fileEncoding = 4; lastKnownFileType = sourcecode.c.h; path = ASIFormDataRequest.h; sourceTree = "<group>"; };
		DB49CA301702DE2D004F3C7B /* ASIFormDataRequest.m */ = {isa = PBXFileReference; fileEncoding = 4; lastKnownFileType = sourcecode.c.objc; path = ASIFormDataRequest.m; sourceTree = "<group>"; };
		DB49CA311702DE2D004F3C7B /* ASIHTTPRequest.h */ = {isa = PBXFileReference; fileEncoding = 4; lastKnownFileType = sourcecode.c.h; path = ASIHTTPRequest.h; sourceTree = "<group>"; };
		DB49CA321702DE2D004F3C7B /* ASIHTTPRequest.m */ = {isa = PBXFileReference; fileEncoding = 4; lastKnownFileType = sourcecode.c.objc; path = ASIHTTPRequest.m; sourceTree = "<group>"; };
		DB49CA331702DE2D004F3C7B /* ASIHTTPRequestConfig.h */ = {isa = PBXFileReference; fileEncoding = 4; lastKnownFileType = sourcecode.c.h; path = ASIHTTPRequestConfig.h; sourceTree = "<group>"; };
		DB49CA341702DE2D004F3C7B /* ASIHTTPRequestDelegate.h */ = {isa = PBXFileReference; fileEncoding = 4; lastKnownFileType = sourcecode.c.h; path = ASIHTTPRequestDelegate.h; sourceTree = "<group>"; };
		DB49CA351702DE2D004F3C7B /* ASIInputStream.h */ = {isa = PBXFileReference; fileEncoding = 4; lastKnownFileType = sourcecode.c.h; path = ASIInputStream.h; sourceTree = "<group>"; };
		DB49CA361702DE2D004F3C7B /* ASIInputStream.m */ = {isa = PBXFileReference; fileEncoding = 4; lastKnownFileType = sourcecode.c.objc; path = ASIInputStream.m; sourceTree = "<group>"; };
		DB49CA371702DE2D004F3C7B /* ASINetworkQueue.h */ = {isa = PBXFileReference; fileEncoding = 4; lastKnownFileType = sourcecode.c.h; path = ASINetworkQueue.h; sourceTree = "<group>"; };
		DB49CA381702DE2D004F3C7B /* ASINetworkQueue.m */ = {isa = PBXFileReference; fileEncoding = 4; lastKnownFileType = sourcecode.c.objc; path = ASINetworkQueue.m; sourceTree = "<group>"; };
		DB49CA391702DE2D004F3C7B /* ASIProgressDelegate.h */ = {isa = PBXFileReference; fileEncoding = 4; lastKnownFileType = sourcecode.c.h; path = ASIProgressDelegate.h; sourceTree = "<group>"; };
		DB49CA3B1702DE2D004F3C7B /* ASIWebPageRequest.h */ = {isa = PBXFileReference; fileEncoding = 4; lastKnownFileType = sourcecode.c.h; path = ASIWebPageRequest.h; sourceTree = "<group>"; };
		DB49CA3C1702DE2D004F3C7B /* ASIWebPageRequest.m */ = {isa = PBXFileReference; fileEncoding = 4; lastKnownFileType = sourcecode.c.objc; path = ASIWebPageRequest.m; sourceTree = "<group>"; };
		DB49CA3E1702DE2D004F3C7B /* ASICloudFilesCDNRequest.h */ = {isa = PBXFileReference; fileEncoding = 4; lastKnownFileType = sourcecode.c.h; path = ASICloudFilesCDNRequest.h; sourceTree = "<group>"; };
		DB49CA3F1702DE2D004F3C7B /* ASICloudFilesCDNRequest.m */ = {isa = PBXFileReference; fileEncoding = 4; lastKnownFileType = sourcecode.c.objc; path = ASICloudFilesCDNRequest.m; sourceTree = "<group>"; };
		DB49CA401702DE2D004F3C7B /* ASICloudFilesContainer.h */ = {isa = PBXFileReference; fileEncoding = 4; lastKnownFileType = sourcecode.c.h; path = ASICloudFilesContainer.h; sourceTree = "<group>"; };
		DB49CA411702DE2D004F3C7B /* ASICloudFilesContainer.m */ = {isa = PBXFileReference; fileEncoding = 4; lastKnownFileType = sourcecode.c.objc; path = ASICloudFilesContainer.m; sourceTree = "<group>"; };
		DB49CA421702DE2D004F3C7B /* ASICloudFilesContainerRequest.h */ = {isa = PBXFileReference; fileEncoding = 4; lastKnownFileType = sourcecode.c.h; path = ASICloudFilesContainerRequest.h; sourceTree = "<group>"; };
		DB49CA431702DE2D004F3C7B /* ASICloudFilesContainerRequest.m */ = {isa = PBXFileReference; fileEncoding = 4; lastKnownFileType = sourcecode.c.objc; path = ASICloudFilesContainerRequest.m; sourceTree = "<group>"; };
		DB49CA441702DE2D004F3C7B /* ASICloudFilesContainerXMLParserDelegate.h */ = {isa = PBXFileReference; fileEncoding = 4; lastKnownFileType = sourcecode.c.h; path = ASICloudFilesContainerXMLParserDelegate.h; sourceTree = "<group>"; };
		DB49CA451702DE2D004F3C7B /* ASICloudFilesContainerXMLParserDelegate.m */ = {isa = PBXFileReference; fileEncoding = 4; lastKnownFileType = sourcecode.c.objc; path = ASICloudFilesContainerXMLParserDelegate.m; sourceTree = "<group>"; };
		DB49CA461702DE2D004F3C7B /* ASICloudFilesObject.h */ = {isa = PBXFileReference; fileEncoding = 4; lastKnownFileType = sourcecode.c.h; path = ASICloudFilesObject.h; sourceTree = "<group>"; };
		DB49CA471702DE2D004F3C7B /* ASICloudFilesObject.m */ = {isa = PBXFileReference; fileEncoding = 4; lastKnownFileType = sourcecode.c.objc; path = ASICloudFilesObject.m; sourceTree = "<group>"; };
		DB49CA481702DE2D004F3C7B /* ASICloudFilesObjectRequest.h */ = {isa = PBXFileReference; fileEncoding = 4; lastKnownFileType = sourcecode.c.h; path = ASICloudFilesObjectRequest.h; sourceTree = "<group>"; };
		DB49CA491702DE2D004F3C7B /* ASICloudFilesObjectRequest.m */ = {isa = PBXFileReference; fileEncoding = 4; lastKnownFileType = sourcecode.c.objc; path = ASICloudFilesObjectRequest.m; sourceTree = "<group>"; };
		DB49CA4A1702DE2D004F3C7B /* ASICloudFilesRequest.h */ = {isa = PBXFileReference; fileEncoding = 4; lastKnownFileType = sourcecode.c.h; path = ASICloudFilesRequest.h; sourceTree = "<group>"; };
		DB49CA4B1702DE2D004F3C7B /* ASICloudFilesRequest.m */ = {isa = PBXFileReference; fileEncoding = 4; lastKnownFileType = sourcecode.c.objc; path = ASICloudFilesRequest.m; sourceTree = "<group>"; };
		DB49CA4D1702DE2D004F3C7B /* ASINSXMLParserCompat.h */ = {isa = PBXFileReference; fileEncoding = 4; lastKnownFileType = sourcecode.c.h; path = ASINSXMLParserCompat.h; sourceTree = "<group>"; };
		DB49CA4E1702DE2D004F3C7B /* ASIS3Bucket.h */ = {isa = PBXFileReference; fileEncoding = 4; lastKnownFileType = sourcecode.c.h; path = ASIS3Bucket.h; sourceTree = "<group>"; };
		DB49CA4F1702DE2D004F3C7B /* ASIS3Bucket.m */ = {isa = PBXFileReference; fileEncoding = 4; lastKnownFileType = sourcecode.c.objc; path = ASIS3Bucket.m; sourceTree = "<group>"; };
		DB49CA501702DE2D004F3C7B /* ASIS3BucketObject.h */ = {isa = PBXFileReference; fileEncoding = 4; lastKnownFileType = sourcecode.c.h; path = ASIS3BucketObject.h; sourceTree = "<group>"; };
		DB49CA511702DE2D004F3C7B /* ASIS3BucketObject.m */ = {isa = PBXFileReference; fileEncoding = 4; lastKnownFileType = sourcecode.c.objc; path = ASIS3BucketObject.m; sourceTree = "<group>"; };
		DB49CA521702DE2D004F3C7B /* ASIS3BucketRequest.h */ = {isa = PBXFileReference; fileEncoding = 4; lastKnownFileType = sourcecode.c.h; path = ASIS3BucketRequest.h; sourceTree = "<group>"; };
		DB49CA531702DE2D004F3C7B /* ASIS3BucketRequest.m */ = {isa = PBXFileReference; fileEncoding = 4; lastKnownFileType = sourcecode.c.objc; path = ASIS3BucketRequest.m; sourceTree = "<group>"; };
		DB49CA541702DE2D004F3C7B /* ASIS3ObjectRequest.h */ = {isa = PBXFileReference; fileEncoding = 4; lastKnownFileType = sourcecode.c.h; path = ASIS3ObjectRequest.h; sourceTree = "<group>"; };
		DB49CA551702DE2D004F3C7B /* ASIS3ObjectRequest.m */ = {isa = PBXFileReference; fileEncoding = 4; lastKnownFileType = sourcecode.c.objc; path = ASIS3ObjectRequest.m; sourceTree = "<group>"; };
		DB49CA561702DE2D004F3C7B /* ASIS3Request.h */ = {isa = PBXFileReference; fileEncoding = 4; lastKnownFileType = sourcecode.c.h; path = ASIS3Request.h; sourceTree = "<group>"; };
		DB49CA571702DE2D004F3C7B /* ASIS3Request.m */ = {isa = PBXFileReference; fileEncoding = 4; lastKnownFileType = sourcecode.c.objc; path = ASIS3Request.m; sourceTree = "<group>"; };
		DB49CA581702DE2D004F3C7B /* ASIS3ServiceRequest.h */ = {isa = PBXFileReference; fileEncoding = 4; lastKnownFileType = sourcecode.c.h; path = ASIS3ServiceRequest.h; sourceTree = "<group>"; };
		DB49CA591702DE2D004F3C7B /* ASIS3ServiceRequest.m */ = {isa = PBXFileReference; fileEncoding = 4; lastKnownFileType = sourcecode.c.objc; path = ASIS3ServiceRequest.m; sourceTree = "<group>"; };
		DB49CA5B1702DE2D004F3C7B /* ASICloudFilesRequestTests.h */ = {isa = PBXFileReference; fileEncoding = 4; lastKnownFileType = sourcecode.c.h; path = ASICloudFilesRequestTests.h; sourceTree = "<group>"; };
		DB49CA5C1702DE2D004F3C7B /* ASICloudFilesRequestTests.m */ = {isa = PBXFileReference; fileEncoding = 4; lastKnownFileType = sourcecode.c.objc; path = ASICloudFilesRequestTests.m; sourceTree = "<group>"; };
		DB49CA5D1702DE2D004F3C7B /* ASIDataCompressorTests.h */ = {isa = PBXFileReference; fileEncoding = 4; lastKnownFileType = sourcecode.c.h; path = ASIDataCompressorTests.h; sourceTree = "<group>"; };
		DB49CA5E1702DE2D004F3C7B /* ASIDataCompressorTests.m */ = {isa = PBXFileReference; fileEncoding = 4; lastKnownFileType = sourcecode.c.objc; path = ASIDataCompressorTests.m; sourceTree = "<group>"; };
		DB49CA5F1702DE2D004F3C7B /* ASIDownloadCacheTests.h */ = {isa = PBXFileReference; fileEncoding = 4; lastKnownFileType = sourcecode.c.h; path = ASIDownloadCacheTests.h; sourceTree = "<group>"; };
		DB49CA601702DE2D004F3C7B /* ASIDownloadCacheTests.m */ = {isa = PBXFileReference; fileEncoding = 4; lastKnownFileType = sourcecode.c.objc; path = ASIDownloadCacheTests.m; sourceTree = "<group>"; };
		DB49CA611702DE2D004F3C7B /* ASIFormDataRequestTests.h */ = {isa = PBXFileReference; fileEncoding = 4; lastKnownFileType = sourcecode.c.h; path = ASIFormDataRequestTests.h; sourceTree = "<group>"; };
		DB49CA621702DE2D004F3C7B /* ASIFormDataRequestTests.m */ = {isa = PBXFileReference; fileEncoding = 4; lastKnownFileType = sourcecode.c.objc; path = ASIFormDataRequestTests.m; sourceTree = "<group>"; };
		DB49CA631702DE2D004F3C7B /* ASIHTTPRequestTests.h */ = {isa = PBXFileReference; fileEncoding = 4; lastKnownFileType = sourcecode.c.h; path = ASIHTTPRequestTests.h; sourceTree = "<group>"; };
		DB49CA641702DE2D004F3C7B /* ASIHTTPRequestTests.m */ = {isa = PBXFileReference; fileEncoding = 4; lastKnownFileType = sourcecode.c.objc; path = ASIHTTPRequestTests.m; sourceTree = "<group>"; };
		DB49CA651702DE2D004F3C7B /* ASINetworkQueueTests.h */ = {isa = PBXFileReference; fileEncoding = 4; lastKnownFileType = sourcecode.c.h; path = ASINetworkQueueTests.h; sourceTree = "<group>"; };
		DB49CA661702DE2D004F3C7B /* ASINetworkQueueTests.m */ = {isa = PBXFileReference; fileEncoding = 4; lastKnownFileType = sourcecode.c.objc; path = ASINetworkQueueTests.m; sourceTree = "<group>"; };
		DB49CA671702DE2D004F3C7B /* ASIS3RequestTests.h */ = {isa = PBXFileReference; fileEncoding = 4; lastKnownFileType = sourcecode.c.h; path = ASIS3RequestTests.h; sourceTree = "<group>"; };
		DB49CA681702DE2D004F3C7B /* ASIS3RequestTests.m */ = {isa = PBXFileReference; fileEncoding = 4; lastKnownFileType = sourcecode.c.objc; path = ASIS3RequestTests.m; sourceTree = "<group>"; };
		DB49CA691702DE2D004F3C7B /* ASITestCase.h */ = {isa = PBXFileReference; fileEncoding = 4; lastKnownFileType = sourcecode.c.h; path = ASITestCase.h; sourceTree = "<group>"; };
		DB49CA6A1702DE2D004F3C7B /* ASITestCase.m */ = {isa = PBXFileReference; fileEncoding = 4; lastKnownFileType = sourcecode.c.objc; path = ASITestCase.m; sourceTree = "<group>"; };
		DB49CA6B1702DE2D004F3C7B /* ASIWebPageRequestTests.h */ = {isa = PBXFileReference; fileEncoding = 4; lastKnownFileType = sourcecode.c.h; path = ASIWebPageRequestTests.h; sourceTree = "<group>"; };
		DB49CA6C1702DE2D004F3C7B /* ASIWebPageRequestTests.m */ = {isa = PBXFileReference; fileEncoding = 4; lastKnownFileType = sourcecode.c.objc; path = ASIWebPageRequestTests.m; sourceTree = "<group>"; };
		DB49CA6D1702DE2D004F3C7B /* BlocksTests.h */ = {isa = PBXFileReference; fileEncoding = 4; lastKnownFileType = sourcecode.c.h; path = BlocksTests.h; sourceTree = "<group>"; };
		DB49CA6E1702DE2D004F3C7B /* BlocksTests.m */ = {isa = PBXFileReference; fileEncoding = 4; lastKnownFileType = sourcecode.c.objc; path = BlocksTests.m; sourceTree = "<group>"; };
		DB49CA6F1702DE2D004F3C7B /* ClientCertificateTests.h */ = {isa = PBXFileReference; fileEncoding = 4; lastKnownFileType = sourcecode.c.h; path = ClientCertificateTests.h; sourceTree = "<group>"; };
		DB49CA701702DE2D004F3C7B /* ClientCertificateTests.m */ = {isa = PBXFileReference; fileEncoding = 4; lastKnownFileType = sourcecode.c.objc; path = ClientCertificateTests.m; sourceTree = "<group>"; };
		DB49CA711702DE2D004F3C7B /* GHUnitTestMain.m */ = {isa = PBXFileReference; fileEncoding = 4; lastKnownFileType = sourcecode.c.objc; path = GHUnitTestMain.m; sourceTree = "<group>"; };
		DB49CA721702DE2D004F3C7B /* PerformanceTests.h */ = {isa = PBXFileReference; fileEncoding = 4; lastKnownFileType = sourcecode.c.h; path = PerformanceTests.h; sourceTree = "<group>"; };
		DB49CA731702DE2D004F3C7B /* PerformanceTests.m */ = {isa = PBXFileReference; fileEncoding = 4; lastKnownFileType = sourcecode.c.objc; path = PerformanceTests.m; sourceTree = "<group>"; };
		DB49CA741702DE2D004F3C7B /* ProxyTests.h */ = {isa = PBXFileReference; fileEncoding = 4; lastKnownFileType = sourcecode.c.h; path = ProxyTests.h; sourceTree = "<group>"; };
		DB49CA751702DE2D004F3C7B /* ProxyTests.m */ = {isa = PBXFileReference; fileEncoding = 4; lastKnownFileType = sourcecode.c.objc; path = ProxyTests.m; sourceTree = "<group>"; };
		DB49CA761702DE2D004F3C7B /* StressTests.h */ = {isa = PBXFileReference; fileEncoding = 4; lastKnownFileType = sourcecode.c.h; path = StressTests.h; sourceTree = "<group>"; };
		DB49CA771702DE2D004F3C7B /* StressTests.m */ = {isa = PBXFileReference; fileEncoding = 4; lastKnownFileType = sourcecode.c.objc; path = StressTests.m; sourceTree = "<group>"; };
		DB49CA7A1702DE2D004F3C7B /* README-GHUnit */ = {isa = PBXFileReference; fileEncoding = 4; lastKnownFileType = text; path = "README-GHUnit"; sourceTree = "<group>"; };
		DB49CA7C1702DE2D004F3C7B /* Reachability.h */ = {isa = PBXFileReference; fileEncoding = 4; lastKnownFileType = sourcecode.c.h; path = Reachability.h; sourceTree = "<group>"; };
		DB49CA7D1702DE2D004F3C7B /* Reachability.m */ = {isa = PBXFileReference; fileEncoding = 4; lastKnownFileType = sourcecode.c.objc; path = Reachability.m; sourceTree = "<group>"; };
		DB4E547C16D3199C00CBF9EB /* DDMenuController.m */ = {isa = PBXFileReference; fileEncoding = 4; lastKnownFileType = sourcecode.c.objc; name = DDMenuController.m; path = Vender/DDMenuController/DDMenuController.m; sourceTree = "<group>"; };
		DB4E547D16D3199C00CBF9EB /* DDMenuController.h */ = {isa = PBXFileReference; fileEncoding = 4; lastKnownFileType = sourcecode.c.h; name = DDMenuController.h; path = Vender/DDMenuController/DDMenuController.h; sourceTree = "<group>"; };
		DB61AEC716B2589D006EC642 /* Leaf.app */ = {isa = PBXFileReference; explicitFileType = wrapper.application; includeInIndex = 0; path = Leaf.app; sourceTree = BUILT_PRODUCTS_DIR; };
		DB61AECB16B2589D006EC642 /* UIKit.framework */ = {isa = PBXFileReference; lastKnownFileType = wrapper.framework; name = UIKit.framework; path = System/Library/Frameworks/UIKit.framework; sourceTree = SDKROOT; };
		DB61AECD16B2589D006EC642 /* Foundation.framework */ = {isa = PBXFileReference; lastKnownFileType = wrapper.framework; name = Foundation.framework; path = System/Library/Frameworks/Foundation.framework; sourceTree = SDKROOT; };
		DB61AECF16B2589D006EC642 /* CoreGraphics.framework */ = {isa = PBXFileReference; lastKnownFileType = wrapper.framework; name = CoreGraphics.framework; path = System/Library/Frameworks/CoreGraphics.framework; sourceTree = SDKROOT; };
		DB61AED316B2589D006EC642 /* Leaf-Info.plist */ = {isa = PBXFileReference; lastKnownFileType = text.plist.xml; path = "Leaf-Info.plist"; sourceTree = "<group>"; };
		DB61AED516B2589D006EC642 /* en */ = {isa = PBXFileReference; lastKnownFileType = text.plist.strings; name = en; path = en.lproj/InfoPlist.strings; sourceTree = "<group>"; };
		DB61AED716B2589D006EC642 /* main.m */ = {isa = PBXFileReference; lastKnownFileType = sourcecode.c.objc; path = main.m; sourceTree = "<group>"; };
		DB61AED916B2589D006EC642 /* Leaf-Prefix.pch */ = {isa = PBXFileReference; lastKnownFileType = sourcecode.c.h; path = "Leaf-Prefix.pch"; sourceTree = "<group>"; };
		DB61AEDA16B2589D006EC642 /* AppDelegate.h */ = {isa = PBXFileReference; lastKnownFileType = sourcecode.c.h; path = AppDelegate.h; sourceTree = "<group>"; };
		DB61AEDB16B2589D006EC642 /* AppDelegate.m */ = {isa = PBXFileReference; lastKnownFileType = sourcecode.c.objc; path = AppDelegate.m; sourceTree = "<group>"; };
		DB61AF1016B26F96006EC642 /* LeafNavigationBar.h */ = {isa = PBXFileReference; fileEncoding = 4; lastKnownFileType = sourcecode.c.h; name = LeafNavigationBar.h; path = Views/LeafNavigationBar.h; sourceTree = "<group>"; };
		DB61AF1116B26F96006EC642 /* LeafNavigationBar.m */ = {isa = PBXFileReference; fileEncoding = 4; lastKnownFileType = sourcecode.c.objc; name = LeafNavigationBar.m; path = Views/LeafNavigationBar.m; sourceTree = "<group>"; };
		DB61AF3216B27812006EC642 /* LeafCategory.h */ = {isa = PBXFileReference; fileEncoding = 4; lastKnownFileType = sourcecode.c.h; path = LeafCategory.h; sourceTree = "<group>"; };
		DB61AF3316B27812006EC642 /* LeafCategory.m */ = {isa = PBXFileReference; fileEncoding = 4; lastKnownFileType = sourcecode.c.objc; path = LeafCategory.m; sourceTree = "<group>"; };
		DB61AF3416B27812006EC642 /* LeafHelper.h */ = {isa = PBXFileReference; fileEncoding = 4; lastKnownFileType = sourcecode.c.h; path = LeafHelper.h; sourceTree = "<group>"; };
		DB61AF3516B27812006EC642 /* LeafMacros.h */ = {isa = PBXFileReference; fileEncoding = 4; lastKnownFileType = sourcecode.c.h; path = LeafMacros.h; sourceTree = "<group>"; };
		DB61AF3616B27812006EC642 /* UILabel+LeafHelper.h */ = {isa = PBXFileReference; fileEncoding = 4; lastKnownFileType = sourcecode.c.h; path = "UILabel+LeafHelper.h"; sourceTree = "<group>"; };
		DB61AF3716B27812006EC642 /* UILabel+LeafHelper.m */ = {isa = PBXFileReference; fileEncoding = 4; lastKnownFileType = sourcecode.c.objc; path = "UILabel+LeafHelper.m"; sourceTree = "<group>"; };
		DB70FD9416BA320700FD1A8E /* back.png */ = {isa = PBXFileReference; lastKnownFileType = image.png; path = back.png; sourceTree = "<group>"; };
		DB70FD9516BA320800FD1A8E /* back@2x.png */ = {isa = PBXFileReference; lastKnownFileType = image.png; path = "back@2x.png"; sourceTree = "<group>"; };
		DB70FDA316BA582800FD1A8E /* page.html */ = {isa = PBXFileReference; fileEncoding = 4; lastKnownFileType = text.html; path = page.html; sourceTree = "<group>"; };
		DB8593D016B55EAD009773F1 /* Default-568h@2x.png */ = {isa = PBXFileReference; lastKnownFileType = image.png; path = "Default-568h@2x.png"; sourceTree = "<group>"; };
		DB8593DA16B6C45C009773F1 /* placeholder.png */ = {isa = PBXFileReference; lastKnownFileType = image.png; path = placeholder.png; sourceTree = "<group>"; };
		DB8593DB16B6C45C009773F1 /* placeholder@2x.png */ = {isa = PBXFileReference; lastKnownFileType = image.png; path = "placeholder@2x.png"; sourceTree = "<group>"; };
		DB8593DF16B6C46C009773F1 /* icon.png */ = {isa = PBXFileReference; lastKnownFileType = image.png; path = icon.png; sourceTree = "<group>"; };
		DB8593E116B6C475009773F1 /* icon@2x.png */ = {isa = PBXFileReference; lastKnownFileType = image.png; path = "icon@2x.png"; sourceTree = "<group>"; };
		DB8593EB16B81012009773F1 /* close.png */ = {isa = PBXFileReference; lastKnownFileType = image.png; path = close.png; sourceTree = "<group>"; };
		DB8593EC16B81012009773F1 /* close@2x.png */ = {isa = PBXFileReference; lastKnownFileType = image.png; path = "close@2x.png"; sourceTree = "<group>"; };
		DBADCD8016F8444C00065CB5 /* LeafCache.h */ = {isa = PBXFileReference; fileEncoding = 4; lastKnownFileType = sourcecode.c.h; path = LeafCache.h; sourceTree = "<group>"; };
		DBADCD8116F8444C00065CB5 /* LeafCache.m */ = {isa = PBXFileReference; fileEncoding = 4; lastKnownFileType = sourcecode.c.objc; path = LeafCache.m; sourceTree = "<group>"; };
		DBADCD8416F84CCA00065CB5 /* LeafMenuController.m */ = {isa = PBXFileReference; fileEncoding = 4; lastKnownFileType = sourcecode.c.objc; name = LeafMenuController.m; path = Controllers/LeafMenuController.m; sourceTree = "<group>"; };
		DBADCD8516F84CCA00065CB5 /* LeafMenuController.h */ = {isa = PBXFileReference; fileEncoding = 4; lastKnownFileType = sourcecode.c.h; name = LeafMenuController.h; path = Controllers/LeafMenuController.h; sourceTree = "<group>"; };
		DBADCD8616F84CCA00065CB5 /* LeafMainViewController.m */ = {isa = PBXFileReference; fileEncoding = 4; lastKnownFileType = sourcecode.c.objc; name = LeafMainViewController.m; path = Controllers/LeafMainViewController.m; sourceTree = "<group>"; };
		DBADCD8716F84CCA00065CB5 /* LeafMainViewController.h */ = {isa = PBXFileReference; fileEncoding = 4; lastKnownFileType = sourcecode.c.h; name = LeafMainViewController.h; path = Controllers/LeafMainViewController.h; sourceTree = "<group>"; };
		DBADCD9516F94DE000065CB5 /* LeafContentView.h */ = {isa = PBXFileReference; fileEncoding = 4; lastKnownFileType = sourcecode.c.h; name = LeafContentView.h; path = Views/LeafContentView.h; sourceTree = "<group>"; };
		DBADCD9616F94DE000065CB5 /* LeafContentView.m */ = {isa = PBXFileReference; fileEncoding = 4; lastKnownFileType = sourcecode.c.objc; name = LeafContentView.m; path = Views/LeafContentView.m; sourceTree = "<group>"; };
		DBADCDF41702862200065CB5 /* LeafDownloadTask.h */ = {isa = PBXFileReference; fileEncoding = 4; lastKnownFileType = sourcecode.c.h; path = LeafDownloadTask.h; sourceTree = "<group>"; };
		DBADCDF51702862300065CB5 /* LeafDownloadTask.m */ = {isa = PBXFileReference; fileEncoding = 4; lastKnownFileType = sourcecode.c.objc; path = LeafDownloadTask.m; sourceTree = "<group>"; };
		DBD8259A16B6203C00EC4439 /* EGORefreshTableHeaderView.h */ = {isa = PBXFileReference; fileEncoding = 4; lastKnownFileType = sourcecode.c.h; path = EGORefreshTableHeaderView.h; sourceTree = "<group>"; };
		DBD8259B16B6203C00EC4439 /* EGORefreshTableHeaderView.m */ = {isa = PBXFileReference; fileEncoding = 4; lastKnownFileType = sourcecode.c.objc; path = EGORefreshTableHeaderView.m; sourceTree = "<group>"; };
		DBD8259F16B6204F00EC4439 /* LeafURLConnection.h */ = {isa = PBXFileReference; fileEncoding = 4; lastKnownFileType = sourcecode.c.h; path = LeafURLConnection.h; sourceTree = "<group>"; };
		DBD825A016B6204F00EC4439 /* LeafURLConnection.m */ = {isa = PBXFileReference; fileEncoding = 4; lastKnownFileType = sourcecode.c.objc; path = LeafURLConnection.m; sourceTree = "<group>"; };
		DBD825A916B6211800EC4439 /* QuartzCore.framework */ = {isa = PBXFileReference; lastKnownFileType = wrapper.framework; name = QuartzCore.framework; path = System/Library/Frameworks/QuartzCore.framework; sourceTree = SDKROOT; };
		DBD825AE16B6244900EC4439 /* LeafNewsData.h */ = {isa = PBXFileReference; fileEncoding = 4; lastKnownFileType = sourcecode.c.h; path = LeafNewsData.h; sourceTree = "<group>"; };
		DBD825AF16B6244900EC4439 /* LeafNewsData.m */ = {isa = PBXFileReference; fileEncoding = 4; lastKnownFileType = sourcecode.c.objc; path = LeafNewsData.m; sourceTree = "<group>"; };
		DBD825B216B6285E00EC4439 /* MBProgressHUD.h */ = {isa = PBXFileReference; fileEncoding = 4; lastKnownFileType = sourcecode.c.h; path = MBProgressHUD.h; sourceTree = "<group>"; };
		DBD825B316B6285E00EC4439 /* MBProgressHUD.m */ = {isa = PBXFileReference; fileEncoding = 4; lastKnownFileType = sourcecode.c.objc; path = MBProgressHUD.m; sourceTree = "<group>"; };
		DBD825B816B628C500EC4439 /* EGOLoadMoreTableFooterView.m */ = {isa = PBXFileReference; fileEncoding = 4; lastKnownFileType = sourcecode.c.objc; name = EGOLoadMoreTableFooterView.m; path = Views/EGOLoadMoreTableFooterView.m; sourceTree = "<group>"; };
		DBD825B916B628C500EC4439 /* EGOLoadMoreTableFooterView.h */ = {isa = PBXFileReference; fileEncoding = 4; lastKnownFileType = sourcecode.c.h; name = EGOLoadMoreTableFooterView.h; path = Views/EGOLoadMoreTableFooterView.h; sourceTree = "<group>"; };
		DBD825BB16B6295E00EC4439 /* LeafCommentBox.h */ = {isa = PBXFileReference; fileEncoding = 4; lastKnownFileType = sourcecode.c.h; name = LeafCommentBox.h; path = Views/LeafCommentBox.h; sourceTree = "<group>"; };
		DBD825BC16B6295E00EC4439 /* LeafCommentBox.m */ = {isa = PBXFileReference; fileEncoding = 4; lastKnownFileType = sourcecode.c.objc; name = LeafCommentBox.m; path = Views/LeafCommentBox.m; sourceTree = "<group>"; };
		DBD825C716B644D600EC4439 /* blackArrow.png */ = {isa = PBXFileReference; lastKnownFileType = image.png; path = blackArrow.png; sourceTree = "<group>"; };
		DBD825C816B644D600EC4439 /* blackArrow@2x.png */ = {isa = PBXFileReference; lastKnownFileType = image.png; path = "blackArrow@2x.png"; sourceTree = "<group>"; };
		DBD825C916B644D600EC4439 /* comment_box.png */ = {isa = PBXFileReference; lastKnownFileType = image.png; path = comment_box.png; sourceTree = "<group>"; };
		DBD825CA16B644D600EC4439 /* comment_box@2x.png */ = {isa = PBXFileReference; lastKnownFileType = image.png; path = "comment_box@2x.png"; sourceTree = "<group>"; };
		DBD825CB16B644D600EC4439 /* header.png */ = {isa = PBXFileReference; lastKnownFileType = image.png; path = header.png; sourceTree = "<group>"; };
		DBD825CC16B644D600EC4439 /* header@2x.png */ = {isa = PBXFileReference; lastKnownFileType = image.png; path = "header@2x.png"; sourceTree = "<group>"; };
		DBD825CD16B644D600EC4439 /* header_shadow.png */ = {isa = PBXFileReference; lastKnownFileType = image.png; path = header_shadow.png; sourceTree = "<group>"; };
		DBD825CE16B644D600EC4439 /* header_shadow@2x.png */ = {isa = PBXFileReference; lastKnownFileType = image.png; path = "header_shadow@2x.png"; sourceTree = "<group>"; };
		DBD825CF16B644D600EC4439 /* menu.png */ = {isa = PBXFileReference; lastKnownFileType = image.png; path = menu.png; sourceTree = "<group>"; };
		DBD825D016B644D600EC4439 /* menu@2x.png */ = {isa = PBXFileReference; lastKnownFileType = image.png; path = "menu@2x.png"; sourceTree = "<group>"; };
		DBD825D116B644D600EC4439 /* refresh.png */ = {isa = PBXFileReference; lastKnownFileType = image.png; path = refresh.png; sourceTree = "<group>"; };
		DBD825D216B644D600EC4439 /* refresh@2x.png */ = {isa = PBXFileReference; lastKnownFileType = image.png; path = "refresh@2x.png"; sourceTree = "<group>"; };
		DBD825D316B644D600EC4439 /* safari.png */ = {isa = PBXFileReference; lastKnownFileType = image.png; path = safari.png; sourceTree = "<group>"; };
		DBD825D416B644D600EC4439 /* safari@2x.png */ = {isa = PBXFileReference; lastKnownFileType = image.png; path = "safari@2x.png"; sourceTree = "<group>"; };
		DBD825D516B644D600EC4439 /* sep_line.png */ = {isa = PBXFileReference; lastKnownFileType = image.png; path = sep_line.png; sourceTree = "<group>"; };
		DBD825D616B644D600EC4439 /* sep_line@2x.png */ = {isa = PBXFileReference; lastKnownFileType = image.png; path = "sep_line@2x.png"; sourceTree = "<group>"; };
		DBD825D816B644D600EC4439 /* FZLanTingHei-DB-GBK.TTF */ = {isa = PBXFileReference; lastKnownFileType = file; path = "FZLanTingHei-DB-GBK.TTF"; sourceTree = "<group>"; };
		DBD825D916B644D600EC4439 /* FZLanTingHei-R-GBK.TTF */ = {isa = PBXFileReference; lastKnownFileType = file; path = "FZLanTingHei-R-GBK.TTF"; sourceTree = "<group>"; };
		DBD825EC16B6590200EC4439 /* LeafNewsItem.h */ = {isa = PBXFileReference; fileEncoding = 4; lastKnownFileType = sourcecode.c.h; name = LeafNewsItem.h; path = Views/LeafNewsItem.h; sourceTree = "<group>"; };
		DBD825ED16B6590300EC4439 /* LeafNewsItem.m */ = {isa = PBXFileReference; fileEncoding = 4; lastKnownFileType = sourcecode.c.objc; name = LeafNewsItem.m; path = Views/LeafNewsItem.m; sourceTree = "<group>"; };
		DBD825F016B65E1300EC4439 /* SDImageCache.h */ = {isa = PBXFileReference; fileEncoding = 4; lastKnownFileType = sourcecode.c.h; path = SDImageCache.h; sourceTree = "<group>"; };
		DBD825F116B65E1300EC4439 /* SDImageCache.m */ = {isa = PBXFileReference; fileEncoding = 4; lastKnownFileType = sourcecode.c.objc; path = SDImageCache.m; sourceTree = "<group>"; };
		DBD825F216B65E1300EC4439 /* SDImageCacheDelegate.h */ = {isa = PBXFileReference; fileEncoding = 4; lastKnownFileType = sourcecode.c.h; path = SDImageCacheDelegate.h; sourceTree = "<group>"; };
		DBD825F316B65E1300EC4439 /* SDWebImageCompat.h */ = {isa = PBXFileReference; fileEncoding = 4; lastKnownFileType = sourcecode.c.h; path = SDWebImageCompat.h; sourceTree = "<group>"; };
		DBD825F416B65E1300EC4439 /* SDWebImageDecoder.h */ = {isa = PBXFileReference; fileEncoding = 4; lastKnownFileType = sourcecode.c.h; path = SDWebImageDecoder.h; sourceTree = "<group>"; };
		DBD825F516B65E1300EC4439 /* SDWebImageDecoder.m */ = {isa = PBXFileReference; fileEncoding = 4; lastKnownFileType = sourcecode.c.objc; path = SDWebImageDecoder.m; sourceTree = "<group>"; };
		DBD825F616B65E1300EC4439 /* SDWebImageDownloader.h */ = {isa = PBXFileReference; fileEncoding = 4; lastKnownFileType = sourcecode.c.h; path = SDWebImageDownloader.h; sourceTree = "<group>"; };
		DBD825F716B65E1300EC4439 /* SDWebImageDownloader.m */ = {isa = PBXFileReference; fileEncoding = 4; lastKnownFileType = sourcecode.c.objc; path = SDWebImageDownloader.m; sourceTree = "<group>"; };
		DBD825F816B65E1300EC4439 /* SDWebImageDownloaderDelegate.h */ = {isa = PBXFileReference; fileEncoding = 4; lastKnownFileType = sourcecode.c.h; path = SDWebImageDownloaderDelegate.h; sourceTree = "<group>"; };
		DBD825F916B65E1300EC4439 /* SDWebImageManager.h */ = {isa = PBXFileReference; fileEncoding = 4; lastKnownFileType = sourcecode.c.h; path = SDWebImageManager.h; sourceTree = "<group>"; };
		DBD825FA16B65E1300EC4439 /* SDWebImageManager.m */ = {isa = PBXFileReference; fileEncoding = 4; lastKnownFileType = sourcecode.c.objc; path = SDWebImageManager.m; sourceTree = "<group>"; };
		DBD825FB16B65E1300EC4439 /* SDWebImageManagerDelegate.h */ = {isa = PBXFileReference; fileEncoding = 4; lastKnownFileType = sourcecode.c.h; path = SDWebImageManagerDelegate.h; sourceTree = "<group>"; };
		DBD825FC16B65E1300EC4439 /* SDWebImagePrefetcher.h */ = {isa = PBXFileReference; fileEncoding = 4; lastKnownFileType = sourcecode.c.h; path = SDWebImagePrefetcher.h; sourceTree = "<group>"; };
		DBD825FD16B65E1300EC4439 /* SDWebImagePrefetcher.m */ = {isa = PBXFileReference; fileEncoding = 4; lastKnownFileType = sourcecode.c.objc; path = SDWebImagePrefetcher.m; sourceTree = "<group>"; };
		DBD825FE16B65E1300EC4439 /* UIImageView+WebCache.h */ = {isa = PBXFileReference; fileEncoding = 4; lastKnownFileType = sourcecode.c.h; path = "UIImageView+WebCache.h"; sourceTree = "<group>"; };
		DBD825FF16B65E1300EC4439 /* UIImageView+WebCache.m */ = {isa = PBXFileReference; fileEncoding = 4; lastKnownFileType = sourcecode.c.objc; path = "UIImageView+WebCache.m"; sourceTree = "<group>"; };
		DBD8260616B6613900EC4439 /* ImageIO.framework */ = {isa = PBXFileReference; lastKnownFileType = wrapper.framework; name = ImageIO.framework; path = System/Library/Frameworks/ImageIO.framework; sourceTree = SDKROOT; };
		DBE3627616F0137200494A0C /* LeafConfig.h */ = {isa = PBXFileReference; fileEncoding = 4; lastKnownFileType = sourcecode.c.h; path = LeafConfig.h; sourceTree = "<group>"; };
		DBE3627716F0137200494A0C /* LeafConfig.m */ = {isa = PBXFileReference; fileEncoding = 4; lastKnownFileType = sourcecode.c.objc; path = LeafConfig.m; sourceTree = "<group>"; };
		DBECD52B16BA9EA000C4AE31 /* LeafLoadingView.h */ = {isa = PBXFileReference; fileEncoding = 4; lastKnownFileType = sourcecode.c.h; name = LeafLoadingView.h; path = Views/LeafLoadingView.h; sourceTree = "<group>"; };
		DBECD52C16BA9EA000C4AE31 /* LeafLoadingView.m */ = {isa = PBXFileReference; fileEncoding = 4; lastKnownFileType = sourcecode.c.objc; name = LeafLoadingView.m; path = Views/LeafLoadingView.m; sourceTree = "<group>"; };
		DBECD53216BAC32200C4AE31 /* leaf.css */ = {isa = PBXFileReference; fileEncoding = 4; lastKnownFileType = text.css; path = leaf.css; sourceTree = "<group>"; };
/* End PBXFileReference section */

/* Begin PBXFrameworksBuildPhase section */
		DB61AEC416B2589D006EC642 /* Frameworks */ = {
			isa = PBXFrameworksBuildPhase;
			buildActionMask = 2147483647;
			files = (
				DB41071516E86D8E00DE7DB7 /* libxml2.2.dylib in Frameworks */,
				DBD8260716B6613900EC4439 /* ImageIO.framework in Frameworks */,
				DBD825AA16B6211800EC4439 /* QuartzCore.framework in Frameworks */,
				DB61AECC16B2589D006EC642 /* UIKit.framework in Frameworks */,
				DB61AECE16B2589D006EC642 /* Foundation.framework in Frameworks */,
				DB61AED016B2589D006EC642 /* CoreGraphics.framework in Frameworks */,
			);
			runOnlyForDeploymentPostprocessing = 0;
		};
/* End PBXFrameworksBuildPhase section */

/* Begin PBXGroup section */
		DB1ABDCF16F6EBC400C36FC2 /* SDURLCache */ = {
			isa = PBXGroup;
			children = (
				DB1ABDD016F6EBC400C36FC2 /* SDCachedURLResponse.h */,
				DB1ABDD116F6EBC400C36FC2 /* SDCachedURLResponse.m */,
				DB1ABDD216F6EBC400C36FC2 /* SDURLCache.h */,
				DB1ABDD316F6EBC400C36FC2 /* SDURLCache.m */,
			);
			name = SDURLCache;
			path = Vender/SDURLCache;
			sourceTree = "<group>";
		};
		DB41070916E86BFF00DE7DB7 /* TFHpple */ = {
			isa = PBXGroup;
			children = (
				DB41070A16E86BFF00DE7DB7 /* TFHpple.h */,
				DB41070B16E86BFF00DE7DB7 /* TFHpple.m */,
				DB41070C16E86BFF00DE7DB7 /* TFHppleElement.h */,
				DB41070D16E86BFF00DE7DB7 /* TFHppleElement.m */,
				DB41070E16E86BFF00DE7DB7 /* XPathQuery.h */,
				DB41070F16E86BFF00DE7DB7 /* XPathQuery.m */,
			);
			name = TFHpple;
			path = Vender/TFHpple;
			sourceTree = "<group>";
		};
		DB49CA241702DE2D004F3C7B /* ASIHTTPRequest */ = {
			isa = PBXGroup;
			children = (
				DB49CA251702DE2D004F3C7B /* Classes */,
				DB49CA781702DE2D004F3C7B /* External */,
			);
			name = ASIHTTPRequest;
			path = Vender/ASIHTTPRequest;
			sourceTree = "<group>";
		};
		DB49CA251702DE2D004F3C7B /* Classes */ = {
			isa = PBXGroup;
			children = (
				DB49CA261702DE2D004F3C7B /* ASIAuthenticationDialog.h */,
				DB49CA271702DE2D004F3C7B /* ASIAuthenticationDialog.m */,
				DB49CA281702DE2D004F3C7B /* ASICacheDelegate.h */,
				DB49CA291702DE2D004F3C7B /* ASIDataCompressor.h */,
				DB49CA2A1702DE2D004F3C7B /* ASIDataCompressor.m */,
				DB49CA2B1702DE2D004F3C7B /* ASIDataDecompressor.h */,
				DB49CA2C1702DE2D004F3C7B /* ASIDataDecompressor.m */,
				DB49CA2D1702DE2D004F3C7B /* ASIDownloadCache.h */,
				DB49CA2E1702DE2D004F3C7B /* ASIDownloadCache.m */,
				DB49CA2F1702DE2D004F3C7B /* ASIFormDataRequest.h */,
				DB49CA301702DE2D004F3C7B /* ASIFormDataRequest.m */,
				DB49CA311702DE2D004F3C7B /* ASIHTTPRequest.h */,
				DB49CA321702DE2D004F3C7B /* ASIHTTPRequest.m */,
				DB49CA331702DE2D004F3C7B /* ASIHTTPRequestConfig.h */,
				DB49CA341702DE2D004F3C7B /* ASIHTTPRequestDelegate.h */,
				DB49CA351702DE2D004F3C7B /* ASIInputStream.h */,
				DB49CA361702DE2D004F3C7B /* ASIInputStream.m */,
				DB49CA371702DE2D004F3C7B /* ASINetworkQueue.h */,
				DB49CA381702DE2D004F3C7B /* ASINetworkQueue.m */,
				DB49CA391702DE2D004F3C7B /* ASIProgressDelegate.h */,
				DB49CA3A1702DE2D004F3C7B /* ASIWebPageRequest */,
				DB49CA3D1702DE2D004F3C7B /* CloudFiles */,
				DB49CA4C1702DE2D004F3C7B /* S3 */,
				DB49CA5A1702DE2D004F3C7B /* Tests */,
			);
			path = Classes;
			sourceTree = "<group>";
		};
		DB49CA3A1702DE2D004F3C7B /* ASIWebPageRequest */ = {
			isa = PBXGroup;
			children = (
				DB49CA3B1702DE2D004F3C7B /* ASIWebPageRequest.h */,
				DB49CA3C1702DE2D004F3C7B /* ASIWebPageRequest.m */,
			);
			path = ASIWebPageRequest;
			sourceTree = "<group>";
		};
		DB49CA3D1702DE2D004F3C7B /* CloudFiles */ = {
			isa = PBXGroup;
			children = (
				DB49CA3E1702DE2D004F3C7B /* ASICloudFilesCDNRequest.h */,
				DB49CA3F1702DE2D004F3C7B /* ASICloudFilesCDNRequest.m */,
				DB49CA401702DE2D004F3C7B /* ASICloudFilesContainer.h */,
				DB49CA411702DE2D004F3C7B /* ASICloudFilesContainer.m */,
				DB49CA421702DE2D004F3C7B /* ASICloudFilesContainerRequest.h */,
				DB49CA431702DE2D004F3C7B /* ASICloudFilesContainerRequest.m */,
				DB49CA441702DE2D004F3C7B /* ASICloudFilesContainerXMLParserDelegate.h */,
				DB49CA451702DE2D004F3C7B /* ASICloudFilesContainerXMLParserDelegate.m */,
				DB49CA461702DE2D004F3C7B /* ASICloudFilesObject.h */,
				DB49CA471702DE2D004F3C7B /* ASICloudFilesObject.m */,
				DB49CA481702DE2D004F3C7B /* ASICloudFilesObjectRequest.h */,
				DB49CA491702DE2D004F3C7B /* ASICloudFilesObjectRequest.m */,
				DB49CA4A1702DE2D004F3C7B /* ASICloudFilesRequest.h */,
				DB49CA4B1702DE2D004F3C7B /* ASICloudFilesRequest.m */,
			);
			path = CloudFiles;
			sourceTree = "<group>";
		};
		DB49CA4C1702DE2D004F3C7B /* S3 */ = {
			isa = PBXGroup;
			children = (
				DB49CA4D1702DE2D004F3C7B /* ASINSXMLParserCompat.h */,
				DB49CA4E1702DE2D004F3C7B /* ASIS3Bucket.h */,
				DB49CA4F1702DE2D004F3C7B /* ASIS3Bucket.m */,
				DB49CA501702DE2D004F3C7B /* ASIS3BucketObject.h */,
				DB49CA511702DE2D004F3C7B /* ASIS3BucketObject.m */,
				DB49CA521702DE2D004F3C7B /* ASIS3BucketRequest.h */,
				DB49CA531702DE2D004F3C7B /* ASIS3BucketRequest.m */,
				DB49CA541702DE2D004F3C7B /* ASIS3ObjectRequest.h */,
				DB49CA551702DE2D004F3C7B /* ASIS3ObjectRequest.m */,
				DB49CA561702DE2D004F3C7B /* ASIS3Request.h */,
				DB49CA571702DE2D004F3C7B /* ASIS3Request.m */,
				DB49CA581702DE2D004F3C7B /* ASIS3ServiceRequest.h */,
				DB49CA591702DE2D004F3C7B /* ASIS3ServiceRequest.m */,
			);
			path = S3;
			sourceTree = "<group>";
		};
		DB49CA5A1702DE2D004F3C7B /* Tests */ = {
			isa = PBXGroup;
			children = (
				DB49CA5B1702DE2D004F3C7B /* ASICloudFilesRequestTests.h */,
				DB49CA5C1702DE2D004F3C7B /* ASICloudFilesRequestTests.m */,
				DB49CA5D1702DE2D004F3C7B /* ASIDataCompressorTests.h */,
				DB49CA5E1702DE2D004F3C7B /* ASIDataCompressorTests.m */,
				DB49CA5F1702DE2D004F3C7B /* ASIDownloadCacheTests.h */,
				DB49CA601702DE2D004F3C7B /* ASIDownloadCacheTests.m */,
				DB49CA611702DE2D004F3C7B /* ASIFormDataRequestTests.h */,
				DB49CA621702DE2D004F3C7B /* ASIFormDataRequestTests.m */,
				DB49CA631702DE2D004F3C7B /* ASIHTTPRequestTests.h */,
				DB49CA641702DE2D004F3C7B /* ASIHTTPRequestTests.m */,
				DB49CA651702DE2D004F3C7B /* ASINetworkQueueTests.h */,
				DB49CA661702DE2D004F3C7B /* ASINetworkQueueTests.m */,
				DB49CA671702DE2D004F3C7B /* ASIS3RequestTests.h */,
				DB49CA681702DE2D004F3C7B /* ASIS3RequestTests.m */,
				DB49CA691702DE2D004F3C7B /* ASITestCase.h */,
				DB49CA6A1702DE2D004F3C7B /* ASITestCase.m */,
				DB49CA6B1702DE2D004F3C7B /* ASIWebPageRequestTests.h */,
				DB49CA6C1702DE2D004F3C7B /* ASIWebPageRequestTests.m */,
				DB49CA6D1702DE2D004F3C7B /* BlocksTests.h */,
				DB49CA6E1702DE2D004F3C7B /* BlocksTests.m */,
				DB49CA6F1702DE2D004F3C7B /* ClientCertificateTests.h */,
				DB49CA701702DE2D004F3C7B /* ClientCertificateTests.m */,
				DB49CA711702DE2D004F3C7B /* GHUnitTestMain.m */,
				DB49CA721702DE2D004F3C7B /* PerformanceTests.h */,
				DB49CA731702DE2D004F3C7B /* PerformanceTests.m */,
				DB49CA741702DE2D004F3C7B /* ProxyTests.h */,
				DB49CA751702DE2D004F3C7B /* ProxyTests.m */,
				DB49CA761702DE2D004F3C7B /* StressTests.h */,
				DB49CA771702DE2D004F3C7B /* StressTests.m */,
			);
			path = Tests;
			sourceTree = "<group>";
		};
		DB49CA781702DE2D004F3C7B /* External */ = {
			isa = PBXGroup;
			children = (
				DB49CA791702DE2D004F3C7B /* GHUnit */,
				DB49CA7B1702DE2D004F3C7B /* Reachability */,
			);
			path = External;
			sourceTree = "<group>";
		};
		DB49CA791702DE2D004F3C7B /* GHUnit */ = {
			isa = PBXGroup;
			children = (
				DB49CA7A1702DE2D004F3C7B /* README-GHUnit */,
			);
			path = GHUnit;
			sourceTree = "<group>";
		};
		DB49CA7B1702DE2D004F3C7B /* Reachability */ = {
			isa = PBXGroup;
			children = (
				DB49CA7C1702DE2D004F3C7B /* Reachability.h */,
				DB49CA7D1702DE2D004F3C7B /* Reachability.m */,
			);
			path = Reachability;
			sourceTree = "<group>";
		};
		DB4E547B16D3195700CBF9EB /* DDMenuController */ = {
			isa = PBXGroup;
			children = (
				DB4E547D16D3199C00CBF9EB /* DDMenuController.h */,
				DB4E547C16D3199C00CBF9EB /* DDMenuController.m */,
			);
			name = DDMenuController;
			sourceTree = "<group>";
		};
		DB61AEBC16B2589D006EC642 = {
			isa = PBXGroup;
			children = (
				DB8593E116B6C475009773F1 /* icon@2x.png */,
				DB8593DF16B6C46C009773F1 /* icon.png */,
				DB8593D016B55EAD009773F1 /* Default-568h@2x.png */,
				DB61AF0816B26DA3006EC642 /* Vender */,
				DB61AED116B2589D006EC642 /* Leaf */,
				DB61AF1316B2721B006EC642 /* Resources */,
				DB61AECA16B2589D006EC642 /* Frameworks */,
				DB61AEC816B2589D006EC642 /* Products */,
			);
			sourceTree = "<group>";
		};
		DB61AEC816B2589D006EC642 /* Products */ = {
			isa = PBXGroup;
			children = (
				DB61AEC716B2589D006EC642 /* Leaf.app */,
			);
			name = Products;
			sourceTree = "<group>";
		};
		DB61AECA16B2589D006EC642 /* Frameworks */ = {
			isa = PBXGroup;
			children = (
				DB41071416E86D8E00DE7DB7 /* libxml2.2.dylib */,
				DBD8260616B6613900EC4439 /* ImageIO.framework */,
				DBD825A916B6211800EC4439 /* QuartzCore.framework */,
				DB61AECB16B2589D006EC642 /* UIKit.framework */,
				DB61AECD16B2589D006EC642 /* Foundation.framework */,
				DB61AECF16B2589D006EC642 /* CoreGraphics.framework */,
			);
			name = Frameworks;
			sourceTree = "<group>";
		};
		DB61AED116B2589D006EC642 /* Leaf */ = {
			isa = PBXGroup;
			children = (
				DB61AEDA16B2589D006EC642 /* AppDelegate.h */,
				DB61AEDB16B2589D006EC642 /* AppDelegate.m */,
				DB61AEE216B2590D006EC642 /* Controllers */,
				DB61AEFF16B25FF3006EC642 /* Views */,
				DBD8259E16B6204F00EC4439 /* Utils */,
				DB61AF3116B27812006EC642 /* Helper */,
				DB61AED216B2589D006EC642 /* Supporting Files */,
			);
			path = Leaf;
			sourceTree = "<group>";
		};
		DB61AED216B2589D006EC642 /* Supporting Files */ = {
			isa = PBXGroup;
			children = (
				DB61AED316B2589D006EC642 /* Leaf-Info.plist */,
				DB61AED416B2589D006EC642 /* InfoPlist.strings */,
				DB61AED716B2589D006EC642 /* main.m */,
				DB61AED916B2589D006EC642 /* Leaf-Prefix.pch */,
			);
			name = "Supporting Files";
			sourceTree = "<group>";
		};
		DB61AEE216B2590D006EC642 /* Controllers */ = {
			isa = PBXGroup;
			children = (
				DBADCD8416F84CCA00065CB5 /* LeafMenuController.m */,
				DBADCD8516F84CCA00065CB5 /* LeafMenuController.h */,
				DBADCD8616F84CCA00065CB5 /* LeafMainViewController.m */,
				DBADCD8716F84CCA00065CB5 /* LeafMainViewController.h */,
			);
			name = Controllers;
			sourceTree = "<group>";
		};
		DB61AEFF16B25FF3006EC642 /* Views */ = {
			isa = PBXGroup;
			children = (
				DBD825B916B628C500EC4439 /* EGOLoadMoreTableFooterView.h */,
				DBD825B816B628C500EC4439 /* EGOLoadMoreTableFooterView.m */,
				DB61AF1016B26F96006EC642 /* LeafNavigationBar.h */,
				DB61AF1116B26F96006EC642 /* LeafNavigationBar.m */,
				DBD825EC16B6590200EC4439 /* LeafNewsItem.h */,
				DBD825ED16B6590300EC4439 /* LeafNewsItem.m */,
				DBD825BB16B6295E00EC4439 /* LeafCommentBox.h */,
				DBD825BC16B6295E00EC4439 /* LeafCommentBox.m */,
				DBECD52B16BA9EA000C4AE31 /* LeafLoadingView.h */,
				DBECD52C16BA9EA000C4AE31 /* LeafLoadingView.m */,
				DBADCD9516F94DE000065CB5 /* LeafContentView.h */,
				DBADCD9616F94DE000065CB5 /* LeafContentView.m */,
			);
			name = Views;
			sourceTree = "<group>";
		};
		DB61AF0816B26DA3006EC642 /* Vender */ = {
			isa = PBXGroup;
			children = (
				DB49CA241702DE2D004F3C7B /* ASIHTTPRequest */,
				DB41070916E86BFF00DE7DB7 /* TFHpple */,
				DB4E547B16D3195700CBF9EB /* DDMenuController */,
				DBD825EF16B65E1200EC4439 /* SDWebImage */,
				DB1ABDCF16F6EBC400C36FC2 /* SDURLCache */,
				DBD825B116B6285E00EC4439 /* MBProgressHUD */,
				DBD8259916B6203C00EC4439 /* RefreshTableHeaderView */,
			);
			name = Vender;
			sourceTree = "<group>";
		};
		DB61AF1316B2721B006EC642 /* Resources */ = {
			isa = PBXGroup;
			children = (
				DB70FDA316BA582800FD1A8E /* page.html */,
				DBECD53216BAC32200C4AE31 /* leaf.css */,
				DBD825C616B644D600EC4439 /* Images */,
				DBD825D716B644D600EC4439 /* Fonts */,
			);
			name = Resources;
			path = Leaf/Resources;
			sourceTree = "<group>";
		};
		DB61AF3116B27812006EC642 /* Helper */ = {
			isa = PBXGroup;
			children = (
				DB61AF3216B27812006EC642 /* LeafCategory.h */,
				DB61AF3316B27812006EC642 /* LeafCategory.m */,
				DB61AF3416B27812006EC642 /* LeafHelper.h */,
				DB61AF3516B27812006EC642 /* LeafMacros.h */,
				DB61AF3616B27812006EC642 /* UILabel+LeafHelper.h */,
				DB61AF3716B27812006EC642 /* UILabel+LeafHelper.m */,
			);
			path = Helper;
			sourceTree = "<group>";
		};
		DBD8259916B6203C00EC4439 /* RefreshTableHeaderView */ = {
			isa = PBXGroup;
			children = (
				DBD8259A16B6203C00EC4439 /* EGORefreshTableHeaderView.h */,
				DBD8259B16B6203C00EC4439 /* EGORefreshTableHeaderView.m */,
			);
			name = RefreshTableHeaderView;
			path = Vender/RefreshTableHeaderView;
			sourceTree = "<group>";
		};
		DBD8259E16B6204F00EC4439 /* Utils */ = {
			isa = PBXGroup;
			children = (
				DBADCDF41702862200065CB5 /* LeafDownloadTask.h */,
				DBADCDF51702862300065CB5 /* LeafDownloadTask.m */,
				DBD8259F16B6204F00EC4439 /* LeafURLConnection.h */,
				DBD825A016B6204F00EC4439 /* LeafURLConnection.m */,
				DBD825AE16B6244900EC4439 /* LeafNewsData.h */,
				DBD825AF16B6244900EC4439 /* LeafNewsData.m */,
				DBE3627616F0137200494A0C /* LeafConfig.h */,
				DBE3627716F0137200494A0C /* LeafConfig.m */,
				DBADCD8016F8444C00065CB5 /* LeafCache.h */,
				DBADCD8116F8444C00065CB5 /* LeafCache.m */,
			);
			path = Utils;
			sourceTree = "<group>";
		};
		DBD825B116B6285E00EC4439 /* MBProgressHUD */ = {
			isa = PBXGroup;
			children = (
				DBD825B216B6285E00EC4439 /* MBProgressHUD.h */,
				DBD825B316B6285E00EC4439 /* MBProgressHUD.m */,
			);
			name = MBProgressHUD;
			path = Vender/MBProgressHUD;
			sourceTree = "<group>";
		};
		DBD825C616B644D600EC4439 /* Images */ = {
			isa = PBXGroup;
			children = (
				DB70FD9416BA320700FD1A8E /* back.png */,
				DB70FD9516BA320800FD1A8E /* back@2x.png */,
				DB8593EB16B81012009773F1 /* close.png */,
				DB8593EC16B81012009773F1 /* close@2x.png */,
				DB8593DA16B6C45C009773F1 /* placeholder.png */,
				DB8593DB16B6C45C009773F1 /* placeholder@2x.png */,
				DBD825C716B644D600EC4439 /* blackArrow.png */,
				DBD825C816B644D600EC4439 /* blackArrow@2x.png */,
				DBD825C916B644D600EC4439 /* comment_box.png */,
				DBD825CA16B644D600EC4439 /* comment_box@2x.png */,
				DBD825CB16B644D600EC4439 /* header.png */,
				DBD825CC16B644D600EC4439 /* header@2x.png */,
				DBD825CD16B644D600EC4439 /* header_shadow.png */,
				DBD825CE16B644D600EC4439 /* header_shadow@2x.png */,
				DBD825CF16B644D600EC4439 /* menu.png */,
				DBD825D016B644D600EC4439 /* menu@2x.png */,
				DBD825D116B644D600EC4439 /* refresh.png */,
				DBD825D216B644D600EC4439 /* refresh@2x.png */,
				DBD825D316B644D600EC4439 /* safari.png */,
				DBD825D416B644D600EC4439 /* safari@2x.png */,
				DBD825D516B644D600EC4439 /* sep_line.png */,
				DBD825D616B644D600EC4439 /* sep_line@2x.png */,
			);
			path = Images;
			sourceTree = "<group>";
		};
		DBD825D716B644D600EC4439 /* Fonts */ = {
			isa = PBXGroup;
			children = (
				DBD825D816B644D600EC4439 /* FZLanTingHei-DB-GBK.TTF */,
				DBD825D916B644D600EC4439 /* FZLanTingHei-R-GBK.TTF */,
			);
			path = Fonts;
			sourceTree = "<group>";
		};
		DBD825EF16B65E1200EC4439 /* SDWebImage */ = {
			isa = PBXGroup;
			children = (
				DBD825F016B65E1300EC4439 /* SDImageCache.h */,
				DBD825F116B65E1300EC4439 /* SDImageCache.m */,
				DBD825F216B65E1300EC4439 /* SDImageCacheDelegate.h */,
				DBD825F316B65E1300EC4439 /* SDWebImageCompat.h */,
				DBD825F416B65E1300EC4439 /* SDWebImageDecoder.h */,
				DBD825F516B65E1300EC4439 /* SDWebImageDecoder.m */,
				DBD825F616B65E1300EC4439 /* SDWebImageDownloader.h */,
				DBD825F716B65E1300EC4439 /* SDWebImageDownloader.m */,
				DBD825F816B65E1300EC4439 /* SDWebImageDownloaderDelegate.h */,
				DBD825F916B65E1300EC4439 /* SDWebImageManager.h */,
				DBD825FA16B65E1300EC4439 /* SDWebImageManager.m */,
				DBD825FB16B65E1300EC4439 /* SDWebImageManagerDelegate.h */,
				DBD825FC16B65E1300EC4439 /* SDWebImagePrefetcher.h */,
				DBD825FD16B65E1300EC4439 /* SDWebImagePrefetcher.m */,
				DBD825FE16B65E1300EC4439 /* UIImageView+WebCache.h */,
				DBD825FF16B65E1300EC4439 /* UIImageView+WebCache.m */,
			);
			name = SDWebImage;
			path = Vender/SDWebImage;
			sourceTree = "<group>";
		};
/* End PBXGroup section */

/* Begin PBXNativeTarget section */
		DB61AEC616B2589D006EC642 /* Leaf */ = {
			isa = PBXNativeTarget;
			buildConfigurationList = DB61AEDF16B2589D006EC642 /* Build configuration list for PBXNativeTarget "Leaf" */;
			buildPhases = (
				DB61AEC316B2589D006EC642 /* Sources */,
				DB61AEC416B2589D006EC642 /* Frameworks */,
				DB61AEC516B2589D006EC642 /* Resources */,
			);
			buildRules = (
			);
			dependencies = (
			);
			name = Leaf;
			productName = Leaf;
			productReference = DB61AEC716B2589D006EC642 /* Leaf.app */;
			productType = "com.apple.product-type.application";
		};
/* End PBXNativeTarget section */

/* Begin PBXProject section */
		DB61AEBE16B2589D006EC642 /* Project object */ = {
			isa = PBXProject;
			attributes = {
				LastUpgradeCheck = 0450;
				ORGANIZATIONNAME = Mobimtech;
			};
			buildConfigurationList = DB61AEC116B2589D006EC642 /* Build configuration list for PBXProject "Leaf" */;
			compatibilityVersion = "Xcode 3.2";
			developmentRegion = English;
			hasScannedForEncodings = 0;
			knownRegions = (
				en,
			);
			mainGroup = DB61AEBC16B2589D006EC642;
			productRefGroup = DB61AEC816B2589D006EC642 /* Products */;
			projectDirPath = "";
			projectRoot = "";
			targets = (
				DB61AEC616B2589D006EC642 /* Leaf */,
			);
		};
/* End PBXProject section */

/* Begin PBXResourcesBuildPhase section */
		DB61AEC516B2589D006EC642 /* Resources */ = {
			isa = PBXResourcesBuildPhase;
			buildActionMask = 2147483647;
			files = (
				DB61AED616B2589D006EC642 /* InfoPlist.strings in Resources */,
				DB8593D116B55EAD009773F1 /* Default-568h@2x.png in Resources */,
				DBD825DA16B644D600EC4439 /* blackArrow.png in Resources */,
				DBD825DB16B644D600EC4439 /* blackArrow@2x.png in Resources */,
				DBD825DC16B644D600EC4439 /* comment_box.png in Resources */,
				DBD825DD16B644D600EC4439 /* comment_box@2x.png in Resources */,
				DBD825DE16B644D600EC4439 /* header.png in Resources */,
				DBD825DF16B644D600EC4439 /* header@2x.png in Resources */,
				DBD825E016B644D600EC4439 /* header_shadow.png in Resources */,
				DBD825E116B644D600EC4439 /* header_shadow@2x.png in Resources */,
				DBD825E216B644D600EC4439 /* menu.png in Resources */,
				DBD825E316B644D600EC4439 /* menu@2x.png in Resources */,
				DBD825E416B644D600EC4439 /* refresh.png in Resources */,
				DBD825E516B644D600EC4439 /* refresh@2x.png in Resources */,
				DBD825E616B644D600EC4439 /* safari.png in Resources */,
				DBD825E716B644D600EC4439 /* safari@2x.png in Resources */,
				DBD825E816B644D600EC4439 /* sep_line.png in Resources */,
				DBD825E916B644D600EC4439 /* sep_line@2x.png in Resources */,
				DBD825EA16B644D600EC4439 /* FZLanTingHei-DB-GBK.TTF in Resources */,
				DBD825EB16B644D600EC4439 /* FZLanTingHei-R-GBK.TTF in Resources */,
				DB8593DC16B6C45C009773F1 /* placeholder.png in Resources */,
				DB8593DD16B6C45C009773F1 /* placeholder@2x.png in Resources */,
				DB8593E016B6C46C009773F1 /* icon.png in Resources */,
				DB8593E216B6C475009773F1 /* icon@2x.png in Resources */,
				DB8593ED16B81012009773F1 /* close.png in Resources */,
				DB8593EE16B81012009773F1 /* close@2x.png in Resources */,
				DB70FD9616BA320800FD1A8E /* back.png in Resources */,
				DB70FD9716BA320800FD1A8E /* back@2x.png in Resources */,
				DB70FDA416BA582900FD1A8E /* page.html in Resources */,
				DBECD53316BAC32200C4AE31 /* leaf.css in Resources */,
				DB49CAA31702DE2D004F3C7B /* README-GHUnit in Resources */,
			);
			runOnlyForDeploymentPostprocessing = 0;
		};
/* End PBXResourcesBuildPhase section */

/* Begin PBXSourcesBuildPhase section */
		DB61AEC316B2589D006EC642 /* Sources */ = {
			isa = PBXSourcesBuildPhase;
			buildActionMask = 2147483647;
			files = (
				DB61AED816B2589D006EC642 /* main.m in Sources */,
				DB61AEDC16B2589D006EC642 /* AppDelegate.m in Sources */,
				DB61AF1216B26F96006EC642 /* LeafNavigationBar.m in Sources */,
				DB61AF3816B27812006EC642 /* LeafCategory.m in Sources */,
				DB61AF3916B27812006EC642 /* UILabel+LeafHelper.m in Sources */,
				DBD8259C16B6203C00EC4439 /* EGORefreshTableHeaderView.m in Sources */,
				DBD825A316B6204F00EC4439 /* LeafURLConnection.m in Sources */,
				DBD825B016B6244900EC4439 /* LeafNewsData.m in Sources */,
				DBD825B416B6285E00EC4439 /* MBProgressHUD.m in Sources */,
				DBD825BA16B628C500EC4439 /* EGOLoadMoreTableFooterView.m in Sources */,
				DBD825BD16B6295E00EC4439 /* LeafCommentBox.m in Sources */,
				DBD825EE16B6590700EC4439 /* LeafNewsItem.m in Sources */,
				DBD8260016B65E1300EC4439 /* SDImageCache.m in Sources */,
				DBD8260116B65E1300EC4439 /* SDWebImageDecoder.m in Sources */,
				DBD8260216B65E1300EC4439 /* SDWebImageDownloader.m in Sources */,
				DBD8260316B65E1300EC4439 /* SDWebImageManager.m in Sources */,
				DBD8260416B65E1300EC4439 /* SDWebImagePrefetcher.m in Sources */,
				DBD8260516B65E1300EC4439 /* UIImageView+WebCache.m in Sources */,
				DBECD52D16BA9EA000C4AE31 /* LeafLoadingView.m in Sources */,
				DB4E547E16D3199C00CBF9EB /* DDMenuController.m in Sources */,
				DB41071016E86BFF00DE7DB7 /* TFHpple.m in Sources */,
				DB41071116E86BFF00DE7DB7 /* TFHppleElement.m in Sources */,
				DB41071216E86BFF00DE7DB7 /* XPathQuery.m in Sources */,
				DBE3627816F0137200494A0C /* LeafConfig.m in Sources */,
				DB1ABDD416F6EBC400C36FC2 /* SDCachedURLResponse.m in Sources */,
				DB1ABDD516F6EBC400C36FC2 /* SDURLCache.m in Sources */,
				DBADCD8216F8444C00065CB5 /* LeafCache.m in Sources */,
				DBADCD8A16F84CCA00065CB5 /* LeafMenuController.m in Sources */,
				DBADCD8B16F84CCA00065CB5 /* LeafMainViewController.m in Sources */,
				DBADCD9716F94DE000065CB5 /* LeafContentView.m in Sources */,
				DBADCDF61702862400065CB5 /* LeafDownloadTask.m in Sources */,
				DB49CA7E1702DE2D004F3C7B /* ASIAuthenticationDialog.m in Sources */,
				DB49CA7F1702DE2D004F3C7B /* ASIDataCompressor.m in Sources */,
				DB49CA801702DE2D004F3C7B /* ASIDataDecompressor.m in Sources */,
				DB49CA811702DE2D004F3C7B /* ASIDownloadCache.m in Sources */,
				DB49CA821702DE2D004F3C7B /* ASIFormDataRequest.m in Sources */,
				DB49CA831702DE2D004F3C7B /* ASIHTTPRequest.m in Sources */,
				DB49CA841702DE2D004F3C7B /* ASIInputStream.m in Sources */,
				DB49CA851702DE2D004F3C7B /* ASINetworkQueue.m in Sources */,
				DB49CA861702DE2D004F3C7B /* ASIWebPageRequest.m in Sources */,
				DB49CA871702DE2D004F3C7B /* ASICloudFilesCDNRequest.m in Sources */,
				DB49CA881702DE2D004F3C7B /* ASICloudFilesContainer.m in Sources */,
				DB49CA891702DE2D004F3C7B /* ASICloudFilesContainerRequest.m in Sources */,
				DB49CA8A1702DE2D004F3C7B /* ASICloudFilesContainerXMLParserDelegate.m in Sources */,
				DB49CA8B1702DE2D004F3C7B /* ASICloudFilesObject.m in Sources */,
				DB49CA8C1702DE2D004F3C7B /* ASICloudFilesObjectRequest.m in Sources */,
				DB49CA8D1702DE2D004F3C7B /* ASICloudFilesRequest.m in Sources */,
				DB49CA8E1702DE2D004F3C7B /* ASIS3Bucket.m in Sources */,
				DB49CA8F1702DE2D004F3C7B /* ASIS3BucketObject.m in Sources */,
				DB49CA901702DE2D004F3C7B /* ASIS3BucketRequest.m in Sources */,
				DB49CA911702DE2D004F3C7B /* ASIS3ObjectRequest.m in Sources */,
				DB49CA921702DE2D004F3C7B /* ASIS3Request.m in Sources */,
				DB49CA931702DE2D004F3C7B /* ASIS3ServiceRequest.m in Sources */,
				DB49CA941702DE2D004F3C7B /* ASICloudFilesRequestTests.m in Sources */,
				DB49CA951702DE2D004F3C7B /* ASIDataCompressorTests.m in Sources */,
				DB49CA961702DE2D004F3C7B /* ASIDownloadCacheTests.m in Sources */,
				DB49CA971702DE2D004F3C7B /* ASIFormDataRequestTests.m in Sources */,
				DB49CA981702DE2D004F3C7B /* ASIHTTPRequestTests.m in Sources */,
				DB49CA991702DE2D004F3C7B /* ASINetworkQueueTests.m in Sources */,
				DB49CA9A1702DE2D004F3C7B /* ASIS3RequestTests.m in Sources */,
				DB49CA9B1702DE2D004F3C7B /* ASITestCase.m in Sources */,
				DB49CA9C1702DE2D004F3C7B /* ASIWebPageRequestTests.m in Sources */,
				DB49CA9D1702DE2D004F3C7B /* BlocksTests.m in Sources */,
				DB49CA9E1702DE2D004F3C7B /* ClientCertificateTests.m in Sources */,
				DB49CA9F1702DE2D004F3C7B /* GHUnitTestMain.m in Sources */,
				DB49CAA01702DE2D004F3C7B /* PerformanceTests.m in Sources */,
				DB49CAA11702DE2D004F3C7B /* ProxyTests.m in Sources */,
				DB49CAA21702DE2D004F3C7B /* StressTests.m in Sources */,
				DB49CAA41702DE2D004F3C7B /* Reachability.m in Sources */,
			);
			runOnlyForDeploymentPostprocessing = 0;
		};
/* End PBXSourcesBuildPhase section */

/* Begin PBXVariantGroup section */
		DB61AED416B2589D006EC642 /* InfoPlist.strings */ = {
			isa = PBXVariantGroup;
			children = (
				DB61AED516B2589D006EC642 /* en */,
			);
			name = InfoPlist.strings;
			sourceTree = "<group>";
		};
/* End PBXVariantGroup section */

/* Begin XCBuildConfiguration section */
		DB61AEDD16B2589D006EC642 /* Debug */ = {
			isa = XCBuildConfiguration;
			buildSettings = {
				ALWAYS_SEARCH_USER_PATHS = NO;
				ARCHS = "$(ARCHS_STANDARD_32_BIT)";
				CODE_SIGN_IDENTITY = "iPhone Developer: shangjiang qian (NRFS79TKV7)";
				"CODE_SIGN_IDENTITY[sdk=iphoneos*]" = "iPhone Developer";
				COPY_PHASE_STRIP = NO;
				GCC_C_LANGUAGE_STANDARD = gnu99;
				GCC_DYNAMIC_NO_PIC = NO;
				GCC_OPTIMIZATION_LEVEL = 0;
				GCC_PREPROCESSOR_DEFINITIONS = (
					"DEBUG=1",
					"$(inherited)",
				);
				GCC_SYMBOLS_PRIVATE_EXTERN = NO;
				GCC_VERSION = com.apple.compilers.llvm.clang.1_0;
				GCC_WARN_ABOUT_MISSING_PROTOTYPES = YES;
				GCC_WARN_ABOUT_RETURN_TYPE = YES;
				GCC_WARN_UNUSED_VARIABLE = YES;
				HEADER_SEARCH_PATHS = "$(SDKROOT)/usr/include/libxml2/**";
				IPHONEOS_DEPLOYMENT_TARGET = 5.0;
				PROVISIONING_PROFILE = "8C3A8181-0E8A-45E8-908D-E7F2ADE8E383";
				SDKROOT = iphoneos;
			};
			name = Debug;
		};
		DB61AEDE16B2589D006EC642 /* Release */ = {
			isa = XCBuildConfiguration;
			buildSettings = {
				ALWAYS_SEARCH_USER_PATHS = NO;
				ARCHS = "$(ARCHS_STANDARD_32_BIT)";
				CODE_SIGN_IDENTITY = "iPhone Developer: shangjiang qian (NRFS79TKV7)";
				"CODE_SIGN_IDENTITY[sdk=iphoneos*]" = "iPhone Developer";
				COPY_PHASE_STRIP = YES;
				GCC_C_LANGUAGE_STANDARD = gnu99;
				GCC_VERSION = com.apple.compilers.llvm.clang.1_0;
				GCC_WARN_ABOUT_MISSING_PROTOTYPES = YES;
				GCC_WARN_ABOUT_RETURN_TYPE = YES;
				GCC_WARN_UNUSED_VARIABLE = YES;
				HEADER_SEARCH_PATHS = "$(SDKROOT)/usr/include/libxml2/**";
				IPHONEOS_DEPLOYMENT_TARGET = 5.0;
				OTHER_CFLAGS = "-DNS_BLOCK_ASSERTIONS=1";
				PROVISIONING_PROFILE = "8C3A8181-0E8A-45E8-908D-E7F2ADE8E383";
				SDKROOT = iphoneos;
				VALIDATE_PRODUCT = YES;
			};
			name = Release;
		};
		DB61AEE016B2589D006EC642 /* Debug */ = {
			isa = XCBuildConfiguration;
			buildSettings = {
				GCC_PRECOMPILE_PREFIX_HEADER = YES;
				GCC_PREFIX_HEADER = "Leaf/Leaf-Prefix.pch";
				INFOPLIST_FILE = "Leaf/Leaf-Info.plist";
				PRODUCT_NAME = "$(TARGET_NAME)";
				WRAPPER_EXTENSION = app;
			};
			name = Debug;
		};
		DB61AEE116B2589D006EC642 /* Release */ = {
			isa = XCBuildConfiguration;
			buildSettings = {
				GCC_PRECOMPILE_PREFIX_HEADER = YES;
				GCC_PREFIX_HEADER = "Leaf/Leaf-Prefix.pch";
				INFOPLIST_FILE = "Leaf/Leaf-Info.plist";
				PRODUCT_NAME = "$(TARGET_NAME)";
				WRAPPER_EXTENSION = app;
			};
			name = Release;
		};
/* End XCBuildConfiguration section */

/* Begin XCConfigurationList section */
		DB61AEC116B2589D006EC642 /* Build configuration list for PBXProject "Leaf" */ = {
			isa = XCConfigurationList;
			buildConfigurations = (
				DB61AEDD16B2589D006EC642 /* Debug */,
				DB61AEDE16B2589D006EC642 /* Release */,
			);
			defaultConfigurationIsVisible = 0;
			defaultConfigurationName = Release;
		};
		DB61AEDF16B2589D006EC642 /* Build configuration list for PBXNativeTarget "Leaf" */ = {
			isa = XCConfigurationList;
			buildConfigurations = (
				DB61AEE016B2589D006EC642 /* Debug */,
				DB61AEE116B2589D006EC642 /* Release */,
			);
			defaultConfigurationIsVisible = 0;
			defaultConfigurationName = Release;
		};
/* End XCConfigurationList section */
	};
	rootObject = DB61AEBE16B2589D006EC642 /* Project object */;
}
