// !$*UTF8*$!
{
	archiveVersion = 1;
	classes = {
	};
	objectVersion = 46;
	objects = {

/* Begin PBXBuildFile section */
		DB41071016E86BFF00DE7DB7 /* TFHpple.m in Sources */ = {isa = PBXBuildFile; fileRef = DB41070B16E86BFF00DE7DB7 /* TFHpple.m */; };
		DB41071116E86BFF00DE7DB7 /* TFHppleElement.m in Sources */ = {isa = PBXBuildFile; fileRef = DB41070D16E86BFF00DE7DB7 /* TFHppleElement.m */; };
		DB41071216E86BFF00DE7DB7 /* XPathQuery.m in Sources */ = {isa = PBXBuildFile; fileRef = DB41070F16E86BFF00DE7DB7 /* XPathQuery.m */; };
		DB41071516E86D8E00DE7DB7 /* libxml2.2.dylib in Frameworks */ = {isa = PBXBuildFile; fileRef = DB41071416E86D8E00DE7DB7 /* libxml2.2.dylib */; };
		DB49CAC5170582E0004F3C7B /* LeafMenuItem.m in Sources */ = {isa = PBXBuildFile; fileRef = DB49CAC4170582DF004F3C7B /* LeafMenuItem.m */; };
		DB4E547E16D3199C00CBF9EB /* DDMenuController.m in Sources */ = {isa = PBXBuildFile; fileRef = DB4E547C16D3199C00CBF9EB /* DDMenuController.m */; settings = {COMPILER_FLAGS = "-fobjc-arc"; }; };
		DB61AECC16B2589D006EC642 /* UIKit.framework in Frameworks */ = {isa = PBXBuildFile; fileRef = DB61AECB16B2589D006EC642 /* UIKit.framework */; };
		DB61AECE16B2589D006EC642 /* Foundation.framework in Frameworks */ = {isa = PBXBuildFile; fileRef = DB61AECD16B2589D006EC642 /* Foundation.framework */; };
		DB61AED016B2589D006EC642 /* CoreGraphics.framework in Frameworks */ = {isa = PBXBuildFile; fileRef = DB61AECF16B2589D006EC642 /* CoreGraphics.framework */; };
		DB61AED616B2589D006EC642 /* InfoPlist.strings in Resources */ = {isa = PBXBuildFile; fileRef = DB61AED416B2589D006EC642 /* InfoPlist.strings */; };
		DB61AED816B2589D006EC642 /* main.m in Sources */ = {isa = PBXBuildFile; fileRef = DB61AED716B2589D006EC642 /* main.m */; };
		DB61AEDC16B2589D006EC642 /* AppDelegate.m in Sources */ = {isa = PBXBuildFile; fileRef = DB61AEDB16B2589D006EC642 /* AppDelegate.m */; };
		DB61AF1216B26F96006EC642 /* LeafNavigationBar.m in Sources */ = {isa = PBXBuildFile; fileRef = DB61AF1116B26F96006EC642 /* LeafNavigationBar.m */; };
		DB61AF3816B27812006EC642 /* LeafCategory.m in Sources */ = {isa = PBXBuildFile; fileRef = DB61AF3316B27812006EC642 /* LeafCategory.m */; };
		DB61AF3916B27812006EC642 /* UILabel+LeafHelper.m in Sources */ = {isa = PBXBuildFile; fileRef = DB61AF3716B27812006EC642 /* UILabel+LeafHelper.m */; };
		DB70FD9616BA320800FD1A8E /* back.png in Resources */ = {isa = PBXBuildFile; fileRef = DB70FD9416BA320700FD1A8E /* back.png */; };
		DB70FD9716BA320800FD1A8E /* back@2x.png in Resources */ = {isa = PBXBuildFile; fileRef = DB70FD9516BA320800FD1A8E /* back@2x.png */; };
		DB70FDA416BA582900FD1A8E /* page.html in Resources */ = {isa = PBXBuildFile; fileRef = DB70FDA316BA582800FD1A8E /* page.html */; };
		DB8593D116B55EAD009773F1 /* Default-568h@2x.png in Resources */ = {isa = PBXBuildFile; fileRef = DB8593D016B55EAD009773F1 /* Default-568h@2x.png */; };
		DB8593DC16B6C45C009773F1 /* placeholder.png in Resources */ = {isa = PBXBuildFile; fileRef = DB8593DA16B6C45C009773F1 /* placeholder.png */; };
		DB8593DD16B6C45C009773F1 /* placeholder@2x.png in Resources */ = {isa = PBXBuildFile; fileRef = DB8593DB16B6C45C009773F1 /* placeholder@2x.png */; };
		DB8593E016B6C46C009773F1 /* icon.png in Resources */ = {isa = PBXBuildFile; fileRef = DB8593DF16B6C46C009773F1 /* icon.png */; };
		DB8593E216B6C475009773F1 /* icon@2x.png in Resources */ = {isa = PBXBuildFile; fileRef = DB8593E116B6C475009773F1 /* icon@2x.png */; };
		DB8593ED16B81012009773F1 /* close.png in Resources */ = {isa = PBXBuildFile; fileRef = DB8593EB16B81012009773F1 /* close.png */; };
		DB8593EE16B81012009773F1 /* close@2x.png in Resources */ = {isa = PBXBuildFile; fileRef = DB8593EC16B81012009773F1 /* close@2x.png */; };
		DB9AEC88170B190F005EA0E6 /* home_icon_download.png in Resources */ = {isa = PBXBuildFile; fileRef = DB9AEC80170B190C005EA0E6 /* home_icon_download.png */; };
		DB9AEC89170B190F005EA0E6 /* home_icon_download@2x.png in Resources */ = {isa = PBXBuildFile; fileRef = DB9AEC81170B190C005EA0E6 /* home_icon_download@2x.png */; };
		DB9AEC8A170B190F005EA0E6 /* menu_latest@2x.png in Resources */ = {isa = PBXBuildFile; fileRef = DB9AEC82170B190D005EA0E6 /* menu_latest@2x.png */; };
		DB9AEC8B170B190F005EA0E6 /* menu_saved@2x.png in Resources */ = {isa = PBXBuildFile; fileRef = DB9AEC83170B190D005EA0E6 /* menu_saved@2x.png */; };
		DB9AEC8C170B190F005EA0E6 /* offline_download.png in Resources */ = {isa = PBXBuildFile; fileRef = DB9AEC84170B190D005EA0E6 /* offline_download.png */; };
		DB9AEC8D170B190F005EA0E6 /* offline_download@2x.png in Resources */ = {isa = PBXBuildFile; fileRef = DB9AEC85170B190E005EA0E6 /* offline_download@2x.png */; };
		DB9FDE621709350D002E4052 /* ASIAuthenticationDialog.m in Sources */ = {isa = PBXBuildFile; fileRef = DB9FDE481709350D002E4052 /* ASIAuthenticationDialog.m */; };
		DB9FDE631709350D002E4052 /* ASIDataCompressor.m in Sources */ = {isa = PBXBuildFile; fileRef = DB9FDE4B1709350D002E4052 /* ASIDataCompressor.m */; };
		DB9FDE641709350D002E4052 /* ASIDataDecompressor.m in Sources */ = {isa = PBXBuildFile; fileRef = DB9FDE4D1709350D002E4052 /* ASIDataDecompressor.m */; };
		DB9FDE651709350D002E4052 /* ASIDownloadCache.m in Sources */ = {isa = PBXBuildFile; fileRef = DB9FDE4F1709350D002E4052 /* ASIDownloadCache.m */; };
		DB9FDE661709350D002E4052 /* ASIFormDataRequest.m in Sources */ = {isa = PBXBuildFile; fileRef = DB9FDE511709350D002E4052 /* ASIFormDataRequest.m */; };
		DB9FDE671709350D002E4052 /* ASIHTTPRequest.m in Sources */ = {isa = PBXBuildFile; fileRef = DB9FDE531709350D002E4052 /* ASIHTTPRequest.m */; };
		DB9FDE681709350D002E4052 /* ASIInputStream.m in Sources */ = {isa = PBXBuildFile; fileRef = DB9FDE571709350D002E4052 /* ASIInputStream.m */; };
		DB9FDE691709350D002E4052 /* ASINetworkQueue.m in Sources */ = {isa = PBXBuildFile; fileRef = DB9FDE591709350D002E4052 /* ASINetworkQueue.m */; };
		DB9FDE6A1709350D002E4052 /* ASIWebPageRequest.m in Sources */ = {isa = PBXBuildFile; fileRef = DB9FDE5D1709350D002E4052 /* ASIWebPageRequest.m */; };
		DB9FDE6B1709350D002E4052 /* Reachability.m in Sources */ = {isa = PBXBuildFile; fileRef = DB9FDE611709350D002E4052 /* Reachability.m */; };
		DB9FDE6D17093520002E4052 /* MobileCoreServices.framework in Frameworks */ = {isa = PBXBuildFile; fileRef = DB9FDE6C17093520002E4052 /* MobileCoreServices.framework */; };
		DB9FDE6F17093527002E4052 /* SystemConfiguration.framework in Frameworks */ = {isa = PBXBuildFile; fileRef = DB9FDE6E17093527002E4052 /* SystemConfiguration.framework */; };
		DB9FDE711709352F002E4052 /* libz.dylib in Frameworks */ = {isa = PBXBuildFile; fileRef = DB9FDE701709352F002E4052 /* libz.dylib */; };
		DB9FDE7317093548002E4052 /* CFNetwork.framework in Frameworks */ = {isa = PBXBuildFile; fileRef = DB9FDE7217093548002E4052 /* CFNetwork.framework */; };
		DBADCD8A16F84CCA00065CB5 /* LeafMenuController.m in Sources */ = {isa = PBXBuildFile; fileRef = DBADCD8416F84CCA00065CB5 /* LeafMenuController.m */; };
		DBADCD8B16F84CCA00065CB5 /* LeafMainViewController.m in Sources */ = {isa = PBXBuildFile; fileRef = DBADCD8616F84CCA00065CB5 /* LeafMainViewController.m */; };
		DBADCD9716F94DE000065CB5 /* LeafContentView.m in Sources */ = {isa = PBXBuildFile; fileRef = DBADCD9616F94DE000065CB5 /* LeafContentView.m */; };
		DBD8259C16B6203C00EC4439 /* EGORefreshTableHeaderView.m in Sources */ = {isa = PBXBuildFile; fileRef = DBD8259B16B6203C00EC4439 /* EGORefreshTableHeaderView.m */; };
		DBD825A316B6204F00EC4439 /* LeafURLConnection.m in Sources */ = {isa = PBXBuildFile; fileRef = DBD825A016B6204F00EC4439 /* LeafURLConnection.m */; };
		DBD825AA16B6211800EC4439 /* QuartzCore.framework in Frameworks */ = {isa = PBXBuildFile; fileRef = DBD825A916B6211800EC4439 /* QuartzCore.framework */; };
		DBD825B016B6244900EC4439 /* LeafNewsData.m in Sources */ = {isa = PBXBuildFile; fileRef = DBD825AF16B6244900EC4439 /* LeafNewsData.m */; };
		DBD825B416B6285E00EC4439 /* MBProgressHUD.m in Sources */ = {isa = PBXBuildFile; fileRef = DBD825B316B6285E00EC4439 /* MBProgressHUD.m */; };
		DBD825BA16B628C500EC4439 /* EGOLoadMoreTableFooterView.m in Sources */ = {isa = PBXBuildFile; fileRef = DBD825B816B628C500EC4439 /* EGOLoadMoreTableFooterView.m */; };
		DBD825BD16B6295E00EC4439 /* LeafCommentBox.m in Sources */ = {isa = PBXBuildFile; fileRef = DBD825BC16B6295E00EC4439 /* LeafCommentBox.m */; };
		DBD825DA16B644D600EC4439 /* blackArrow.png in Resources */ = {isa = PBXBuildFile; fileRef = DBD825C716B644D600EC4439 /* blackArrow.png */; };
		DBD825DB16B644D600EC4439 /* blackArrow@2x.png in Resources */ = {isa = PBXBuildFile; fileRef = DBD825C816B644D600EC4439 /* blackArrow@2x.png */; };
		DBD825DC16B644D600EC4439 /* comment_box.png in Resources */ = {isa = PBXBuildFile; fileRef = DBD825C916B644D600EC4439 /* comment_box.png */; };
		DBD825DD16B644D600EC4439 /* comment_box@2x.png in Resources */ = {isa = PBXBuildFile; fileRef = DBD825CA16B644D600EC4439 /* comment_box@2x.png */; };
		DBD825E016B644D600EC4439 /* header_shadow.png in Resources */ = {isa = PBXBuildFile; fileRef = DBD825CD16B644D600EC4439 /* header_shadow.png */; };
		DBD825E116B644D600EC4439 /* header_shadow@2x.png in Resources */ = {isa = PBXBuildFile; fileRef = DBD825CE16B644D600EC4439 /* header_shadow@2x.png */; };
		DBD825E216B644D600EC4439 /* menu.png in Resources */ = {isa = PBXBuildFile; fileRef = DBD825CF16B644D600EC4439 /* menu.png */; };
		DBD825E316B644D600EC4439 /* menu@2x.png in Resources */ = {isa = PBXBuildFile; fileRef = DBD825D016B644D600EC4439 /* menu@2x.png */; };
		DBD825E416B644D600EC4439 /* refresh.png in Resources */ = {isa = PBXBuildFile; fileRef = DBD825D116B644D600EC4439 /* refresh.png */; };
		DBD825E516B644D600EC4439 /* refresh@2x.png in Resources */ = {isa = PBXBuildFile; fileRef = DBD825D216B644D600EC4439 /* refresh@2x.png */; };
		DBD825E616B644D600EC4439 /* safari.png in Resources */ = {isa = PBXBuildFile; fileRef = DBD825D316B644D600EC4439 /* safari.png */; };
		DBD825E716B644D600EC4439 /* safari@2x.png in Resources */ = {isa = PBXBuildFile; fileRef = DBD825D416B644D600EC4439 /* safari@2x.png */; };
		DBD825E816B644D600EC4439 /* sep_line.png in Resources */ = {isa = PBXBuildFile; fileRef = DBD825D516B644D600EC4439 /* sep_line.png */; };
		DBD825E916B644D600EC4439 /* sep_line@2x.png in Resources */ = {isa = PBXBuildFile; fileRef = DBD825D616B644D600EC4439 /* sep_line@2x.png */; };
		DBD825EA16B644D600EC4439 /* FZLanTingHei-DB-GBK.TTF in Resources */ = {isa = PBXBuildFile; fileRef = DBD825D816B644D600EC4439 /* FZLanTingHei-DB-GBK.TTF */; };
		DBD825EB16B644D600EC4439 /* FZLanTingHei-R-GBK.TTF in Resources */ = {isa = PBXBuildFile; fileRef = DBD825D916B644D600EC4439 /* FZLanTingHei-R-GBK.TTF */; };
		DBD825EE16B6590700EC4439 /* LeafNewsItem.m in Sources */ = {isa = PBXBuildFile; fileRef = DBD825ED16B6590300EC4439 /* LeafNewsItem.m */; };
		DBD8260016B65E1300EC4439 /* SDImageCache.m in Sources */ = {isa = PBXBuildFile; fileRef = DBD825F116B65E1300EC4439 /* SDImageCache.m */; };
		DBD8260116B65E1300EC4439 /* SDWebImageDecoder.m in Sources */ = {isa = PBXBuildFile; fileRef = DBD825F516B65E1300EC4439 /* SDWebImageDecoder.m */; };
		DBD8260216B65E1300EC4439 /* SDWebImageDownloader.m in Sources */ = {isa = PBXBuildFile; fileRef = DBD825F716B65E1300EC4439 /* SDWebImageDownloader.m */; };
		DBD8260316B65E1300EC4439 /* SDWebImageManager.m in Sources */ = {isa = PBXBuildFile; fileRef = DBD825FA16B65E1300EC4439 /* SDWebImageManager.m */; };
		DBD8260416B65E1300EC4439 /* SDWebImagePrefetcher.m in Sources */ = {isa = PBXBuildFile; fileRef = DBD825FD16B65E1300EC4439 /* SDWebImagePrefetcher.m */; };
		DBD8260516B65E1300EC4439 /* UIImageView+WebCache.m in Sources */ = {isa = PBXBuildFile; fileRef = DBD825FF16B65E1300EC4439 /* UIImageView+WebCache.m */; };
		DBD8260716B6613900EC4439 /* ImageIO.framework in Frameworks */ = {isa = PBXBuildFile; fileRef = DBD8260616B6613900EC4439 /* ImageIO.framework */; };
		DBE3627816F0137200494A0C /* LeafConfig.m in Sources */ = {isa = PBXBuildFile; fileRef = DBE3627716F0137200494A0C /* LeafConfig.m */; };
		DBE67FB3170BFFC100685DD2 /* LeafPhotoView.m in Sources */ = {isa = PBXBuildFile; fileRef = DBE67FB2170BFFC100685DD2 /* LeafPhotoView.m */; };
		DBE67FB8170C17E200685DD2 /* photo_return.png in Resources */ = {isa = PBXBuildFile; fileRef = DBE67FB4170C17E200685DD2 /* photo_return.png */; };
		DBE67FB9170C17E200685DD2 /* photo_return@2x.png in Resources */ = {isa = PBXBuildFile; fileRef = DBE67FB5170C17E200685DD2 /* photo_return@2x.png */; };
		DBE67FBA170C17E200685DD2 /* photo_transmit.png in Resources */ = {isa = PBXBuildFile; fileRef = DBE67FB6170C17E200685DD2 /* photo_transmit.png */; };
		DBE67FBB170C17E200685DD2 /* photo_transmit@2x.png in Resources */ = {isa = PBXBuildFile; fileRef = DBE67FB7170C17E200685DD2 /* photo_transmit@2x.png */; };
		DBE67FBE170C180800685DD2 /* LeafBottomBar.m in Sources */ = {isa = PBXBuildFile; fileRef = DBE67FBD170C180800685DD2 /* LeafBottomBar.m */; };
		DBE67FC0170C181B00685DD2 /* bottom_bg.png in Resources */ = {isa = PBXBuildFile; fileRef = DBE67FBF170C181B00685DD2 /* bottom_bg.png */; };
		DBE67FC3170C1B9500685DD2 /* LeafPhotoViewController.m in Sources */ = {isa = PBXBuildFile; fileRef = DBE67FC2170C1B9500685DD2 /* LeafPhotoViewController.m */; };
		DBECD52D16BA9EA000C4AE31 /* LeafLoadingView.m in Sources */ = {isa = PBXBuildFile; fileRef = DBECD52C16BA9EA000C4AE31 /* LeafLoadingView.m */; };
		DBECD53316BAC32200C4AE31 /* leaf.css in Resources */ = {isa = PBXBuildFile; fileRef = DBECD53216BAC32200C4AE31 /* leaf.css */; };
/* End PBXBuildFile section */

/* Begin PBXFileReference section */
		DB41070A16E86BFF00DE7DB7 /* TFHpple.h */ = {isa = PBXFileReference; fileEncoding = 4; lastKnownFileType = sourcecode.c.h; path = TFHpple.h; sourceTree = "<group>"; };
		DB41070B16E86BFF00DE7DB7 /* TFHpple.m */ = {isa = PBXFileReference; fileEncoding = 4; lastKnownFileType = sourcecode.c.objc; path = TFHpple.m; sourceTree = "<group>"; };
		DB41070C16E86BFF00DE7DB7 /* TFHppleElement.h */ = {isa = PBXFileReference; fileEncoding = 4; lastKnownFileType = sourcecode.c.h; path = TFHppleElement.h; sourceTree = "<group>"; };
		DB41070D16E86BFF00DE7DB7 /* TFHppleElement.m */ = {isa = PBXFileReference; fileEncoding = 4; lastKnownFileType = sourcecode.c.objc; path = TFHppleElement.m; sourceTree = "<group>"; };
		DB41070E16E86BFF00DE7DB7 /* XPathQuery.h */ = {isa = PBXFileReference; fileEncoding = 4; lastKnownFileType = sourcecode.c.h; path = XPathQuery.h; sourceTree = "<group>"; };
		DB41070F16E86BFF00DE7DB7 /* XPathQuery.m */ = {isa = PBXFileReference; fileEncoding = 4; lastKnownFileType = sourcecode.c.objc; path = XPathQuery.m; sourceTree = "<group>"; };
		DB41071416E86D8E00DE7DB7 /* libxml2.2.dylib */ = {isa = PBXFileReference; lastKnownFileType = "compiled.mach-o.dylib"; name = libxml2.2.dylib; path = usr/lib/libxml2.2.dylib; sourceTree = SDKROOT; };
		DB49CAC3170582DE004F3C7B /* LeafMenuItem.h */ = {isa = PBXFileReference; fileEncoding = 4; lastKnownFileType = sourcecode.c.h; name = LeafMenuItem.h; path = Views/LeafMenuItem.h; sourceTree = "<group>"; };
		DB49CAC4170582DF004F3C7B /* LeafMenuItem.m */ = {isa = PBXFileReference; fileEncoding = 4; lastKnownFileType = sourcecode.c.objc; name = LeafMenuItem.m; path = Views/LeafMenuItem.m; sourceTree = "<group>"; };
		DB4E547C16D3199C00CBF9EB /* DDMenuController.m */ = {isa = PBXFileReference; fileEncoding = 4; lastKnownFileType = sourcecode.c.objc; name = DDMenuController.m; path = Vender/DDMenuController/DDMenuController.m; sourceTree = "<group>"; };
		DB4E547D16D3199C00CBF9EB /* DDMenuController.h */ = {isa = PBXFileReference; fileEncoding = 4; lastKnownFileType = sourcecode.c.h; name = DDMenuController.h; path = Vender/DDMenuController/DDMenuController.h; sourceTree = "<group>"; };
		DB61AEC716B2589D006EC642 /* Leaf.app */ = {isa = PBXFileReference; explicitFileType = wrapper.application; includeInIndex = 0; path = Leaf.app; sourceTree = BUILT_PRODUCTS_DIR; };
		DB61AECB16B2589D006EC642 /* UIKit.framework */ = {isa = PBXFileReference; lastKnownFileType = wrapper.framework; name = UIKit.framework; path = System/Library/Frameworks/UIKit.framework; sourceTree = SDKROOT; };
		DB61AECD16B2589D006EC642 /* Foundation.framework */ = {isa = PBXFileReference; lastKnownFileType = wrapper.framework; name = Foundation.framework; path = System/Library/Frameworks/Foundation.framework; sourceTree = SDKROOT; };
		DB61AECF16B2589D006EC642 /* CoreGraphics.framework */ = {isa = PBXFileReference; lastKnownFileType = wrapper.framework; name = CoreGraphics.framework; path = System/Library/Frameworks/CoreGraphics.framework; sourceTree = SDKROOT; };
		DB61AED316B2589D006EC642 /* Leaf-Info.plist */ = {isa = PBXFileReference; lastKnownFileType = text.plist.xml; path = "Leaf-Info.plist"; sourceTree = "<group>"; };
		DB61AED516B2589D006EC642 /* en */ = {isa = PBXFileReference; lastKnownFileType = text.plist.strings; name = en; path = en.lproj/InfoPlist.strings; sourceTree = "<group>"; };
		DB61AED716B2589D006EC642 /* main.m */ = {isa = PBXFileReference; lastKnownFileType = sourcecode.c.objc; path = main.m; sourceTree = "<group>"; };
		DB61AED916B2589D006EC642 /* Leaf-Prefix.pch */ = {isa = PBXFileReference; lastKnownFileType = sourcecode.c.h; path = "Leaf-Prefix.pch"; sourceTree = "<group>"; };
		DB61AEDA16B2589D006EC642 /* AppDelegate.h */ = {isa = PBXFileReference; lastKnownFileType = sourcecode.c.h; path = AppDelegate.h; sourceTree = "<group>"; };
		DB61AEDB16B2589D006EC642 /* AppDelegate.m */ = {isa = PBXFileReference; lastKnownFileType = sourcecode.c.objc; path = AppDelegate.m; sourceTree = "<group>"; };
		DB61AF1016B26F96006EC642 /* LeafNavigationBar.h */ = {isa = PBXFileReference; fileEncoding = 4; lastKnownFileType = sourcecode.c.h; name = LeafNavigationBar.h; path = Views/LeafNavigationBar.h; sourceTree = "<group>"; };
		DB61AF1116B26F96006EC642 /* LeafNavigationBar.m */ = {isa = PBXFileReference; fileEncoding = 4; lastKnownFileType = sourcecode.c.objc; name = LeafNavigationBar.m; path = Views/LeafNavigationBar.m; sourceTree = "<group>"; };
		DB61AF3216B27812006EC642 /* LeafCategory.h */ = {isa = PBXFileReference; fileEncoding = 4; lastKnownFileType = sourcecode.c.h; path = LeafCategory.h; sourceTree = "<group>"; };
		DB61AF3316B27812006EC642 /* LeafCategory.m */ = {isa = PBXFileReference; fileEncoding = 4; lastKnownFileType = sourcecode.c.objc; path = LeafCategory.m; sourceTree = "<group>"; };
		DB61AF3416B27812006EC642 /* LeafHelper.h */ = {isa = PBXFileReference; fileEncoding = 4; lastKnownFileType = sourcecode.c.h; path = LeafHelper.h; sourceTree = "<group>"; };
		DB61AF3516B27812006EC642 /* LeafMacros.h */ = {isa = PBXFileReference; fileEncoding = 4; lastKnownFileType = sourcecode.c.h; path = LeafMacros.h; sourceTree = "<group>"; };
		DB61AF3616B27812006EC642 /* UILabel+LeafHelper.h */ = {isa = PBXFileReference; fileEncoding = 4; lastKnownFileType = sourcecode.c.h; path = "UILabel+LeafHelper.h"; sourceTree = "<group>"; };
		DB61AF3716B27812006EC642 /* UILabel+LeafHelper.m */ = {isa = PBXFileReference; fileEncoding = 4; lastKnownFileType = sourcecode.c.objc; path = "UILabel+LeafHelper.m"; sourceTree = "<group>"; };
		DB70FD9416BA320700FD1A8E /* back.png */ = {isa = PBXFileReference; lastKnownFileType = image.png; path = back.png; sourceTree = "<group>"; };
		DB70FD9516BA320800FD1A8E /* back@2x.png */ = {isa = PBXFileReference; lastKnownFileType = image.png; path = "back@2x.png"; sourceTree = "<group>"; };
		DB70FDA316BA582800FD1A8E /* page.html */ = {isa = PBXFileReference; fileEncoding = 4; lastKnownFileType = text.html; path = page.html; sourceTree = "<group>"; };
		DB8593D016B55EAD009773F1 /* Default-568h@2x.png */ = {isa = PBXFileReference; lastKnownFileType = image.png; path = "Default-568h@2x.png"; sourceTree = "<group>"; };
		DB8593DA16B6C45C009773F1 /* placeholder.png */ = {isa = PBXFileReference; lastKnownFileType = image.png; path = placeholder.png; sourceTree = "<group>"; };
		DB8593DB16B6C45C009773F1 /* placeholder@2x.png */ = {isa = PBXFileReference; lastKnownFileType = image.png; path = "placeholder@2x.png"; sourceTree = "<group>"; };
		DB8593DF16B6C46C009773F1 /* icon.png */ = {isa = PBXFileReference; lastKnownFileType = image.png; path = icon.png; sourceTree = "<group>"; };
		DB8593E116B6C475009773F1 /* icon@2x.png */ = {isa = PBXFileReference; lastKnownFileType = image.png; path = "icon@2x.png"; sourceTree = "<group>"; };
		DB8593EB16B81012009773F1 /* close.png */ = {isa = PBXFileReference; lastKnownFileType = image.png; path = close.png; sourceTree = "<group>"; };
		DB8593EC16B81012009773F1 /* close@2x.png */ = {isa = PBXFileReference; lastKnownFileType = image.png; path = "close@2x.png"; sourceTree = "<group>"; };
		DB9AEC80170B190C005EA0E6 /* home_icon_download.png */ = {isa = PBXFileReference; lastKnownFileType = image.png; path = home_icon_download.png; sourceTree = "<group>"; };
		DB9AEC81170B190C005EA0E6 /* home_icon_download@2x.png */ = {isa = PBXFileReference; lastKnownFileType = image.png; path = "home_icon_download@2x.png"; sourceTree = "<group>"; };
		DB9AEC82170B190D005EA0E6 /* menu_latest@2x.png */ = {isa = PBXFileReference; lastKnownFileType = image.png; path = "menu_latest@2x.png"; sourceTree = "<group>"; };
		DB9AEC83170B190D005EA0E6 /* menu_saved@2x.png */ = {isa = PBXFileReference; lastKnownFileType = image.png; path = "menu_saved@2x.png"; sourceTree = "<group>"; };
		DB9AEC84170B190D005EA0E6 /* offline_download.png */ = {isa = PBXFileReference; lastKnownFileType = image.png; path = offline_download.png; sourceTree = "<group>"; };
		DB9AEC85170B190E005EA0E6 /* offline_download@2x.png */ = {isa = PBXFileReference; lastKnownFileType = image.png; path = "offline_download@2x.png"; sourceTree = "<group>"; };
		DB9FDE471709350D002E4052 /* ASIAuthenticationDialog.h */ = {isa = PBXFileReference; fileEncoding = 4; lastKnownFileType = sourcecode.c.h; path = ASIAuthenticationDialog.h; sourceTree = "<group>"; };
		DB9FDE481709350D002E4052 /* ASIAuthenticationDialog.m */ = {isa = PBXFileReference; fileEncoding = 4; lastKnownFileType = sourcecode.c.objc; path = ASIAuthenticationDialog.m; sourceTree = "<group>"; };
		DB9FDE491709350D002E4052 /* ASICacheDelegate.h */ = {isa = PBXFileReference; fileEncoding = 4; lastKnownFileType = sourcecode.c.h; path = ASICacheDelegate.h; sourceTree = "<group>"; };
		DB9FDE4A1709350D002E4052 /* ASIDataCompressor.h */ = {isa = PBXFileReference; fileEncoding = 4; lastKnownFileType = sourcecode.c.h; path = ASIDataCompressor.h; sourceTree = "<group>"; };
		DB9FDE4B1709350D002E4052 /* ASIDataCompressor.m */ = {isa = PBXFileReference; fileEncoding = 4; lastKnownFileType = sourcecode.c.objc; path = ASIDataCompressor.m; sourceTree = "<group>"; };
		DB9FDE4C1709350D002E4052 /* ASIDataDecompressor.h */ = {isa = PBXFileReference; fileEncoding = 4; lastKnownFileType = sourcecode.c.h; path = ASIDataDecompressor.h; sourceTree = "<group>"; };
		DB9FDE4D1709350D002E4052 /* ASIDataDecompressor.m */ = {isa = PBXFileReference; fileEncoding = 4; lastKnownFileType = sourcecode.c.objc; path = ASIDataDecompressor.m; sourceTree = "<group>"; };
		DB9FDE4E1709350D002E4052 /* ASIDownloadCache.h */ = {isa = PBXFileReference; fileEncoding = 4; lastKnownFileType = sourcecode.c.h; path = ASIDownloadCache.h; sourceTree = "<group>"; };
		DB9FDE4F1709350D002E4052 /* ASIDownloadCache.m */ = {isa = PBXFileReference; fileEncoding = 4; lastKnownFileType = sourcecode.c.objc; path = ASIDownloadCache.m; sourceTree = "<group>"; };
		DB9FDE501709350D002E4052 /* ASIFormDataRequest.h */ = {isa = PBXFileReference; fileEncoding = 4; lastKnownFileType = sourcecode.c.h; path = ASIFormDataRequest.h; sourceTree = "<group>"; };
		DB9FDE511709350D002E4052 /* ASIFormDataRequest.m */ = {isa = PBXFileReference; fileEncoding = 4; lastKnownFileType = sourcecode.c.objc; path = ASIFormDataRequest.m; sourceTree = "<group>"; };
		DB9FDE521709350D002E4052 /* ASIHTTPRequest.h */ = {isa = PBXFileReference; fileEncoding = 4; lastKnownFileType = sourcecode.c.h; path = ASIHTTPRequest.h; sourceTree = "<group>"; };
		DB9FDE531709350D002E4052 /* ASIHTTPRequest.m */ = {isa = PBXFileReference; fileEncoding = 4; lastKnownFileType = sourcecode.c.objc; path = ASIHTTPRequest.m; sourceTree = "<group>"; };
		DB9FDE541709350D002E4052 /* ASIHTTPRequestConfig.h */ = {isa = PBXFileReference; fileEncoding = 4; lastKnownFileType = sourcecode.c.h; path = ASIHTTPRequestConfig.h; sourceTree = "<group>"; };
		DB9FDE551709350D002E4052 /* ASIHTTPRequestDelegate.h */ = {isa = PBXFileReference; fileEncoding = 4; lastKnownFileType = sourcecode.c.h; path = ASIHTTPRequestDelegate.h; sourceTree = "<group>"; };
		DB9FDE561709350D002E4052 /* ASIInputStream.h */ = {isa = PBXFileReference; fileEncoding = 4; lastKnownFileType = sourcecode.c.h; path = ASIInputStream.h; sourceTree = "<group>"; };
		DB9FDE571709350D002E4052 /* ASIInputStream.m */ = {isa = PBXFileReference; fileEncoding = 4; lastKnownFileType = sourcecode.c.objc; path = ASIInputStream.m; sourceTree = "<group>"; };
		DB9FDE581709350D002E4052 /* ASINetworkQueue.h */ = {isa = PBXFileReference; fileEncoding = 4; lastKnownFileType = sourcecode.c.h; path = ASINetworkQueue.h; sourceTree = "<group>"; };
		DB9FDE591709350D002E4052 /* ASINetworkQueue.m */ = {isa = PBXFileReference; fileEncoding = 4; lastKnownFileType = sourcecode.c.objc; path = ASINetworkQueue.m; sourceTree = "<group>"; };
		DB9FDE5A1709350D002E4052 /* ASIProgressDelegate.h */ = {isa = PBXFileReference; fileEncoding = 4; lastKnownFileType = sourcecode.c.h; path = ASIProgressDelegate.h; sourceTree = "<group>"; };
		DB9FDE5C1709350D002E4052 /* ASIWebPageRequest.h */ = {isa = PBXFileReference; fileEncoding = 4; lastKnownFileType = sourcecode.c.h; path = ASIWebPageRequest.h; sourceTree = "<group>"; };
		DB9FDE5D1709350D002E4052 /* ASIWebPageRequest.m */ = {isa = PBXFileReference; fileEncoding = 4; lastKnownFileType = sourcecode.c.objc; path = ASIWebPageRequest.m; sourceTree = "<group>"; };
		DB9FDE601709350D002E4052 /* Reachability.h */ = {isa = PBXFileReference; fileEncoding = 4; lastKnownFileType = sourcecode.c.h; path = Reachability.h; sourceTree = "<group>"; };
		DB9FDE611709350D002E4052 /* Reachability.m */ = {isa = PBXFileReference; fileEncoding = 4; lastKnownFileType = sourcecode.c.objc; path = Reachability.m; sourceTree = "<group>"; };
		DB9FDE6C17093520002E4052 /* MobileCoreServices.framework */ = {isa = PBXFileReference; lastKnownFileType = wrapper.framework; name = MobileCoreServices.framework; path = System/Library/Frameworks/MobileCoreServices.framework; sourceTree = SDKROOT; };
		DB9FDE6E17093527002E4052 /* SystemConfiguration.framework */ = {isa = PBXFileReference; lastKnownFileType = wrapper.framework; name = SystemConfiguration.framework; path = System/Library/Frameworks/SystemConfiguration.framework; sourceTree = SDKROOT; };
		DB9FDE701709352F002E4052 /* libz.dylib */ = {isa = PBXFileReference; lastKnownFileType = "compiled.mach-o.dylib"; name = libz.dylib; path = usr/lib/libz.dylib; sourceTree = SDKROOT; };
		DB9FDE7217093548002E4052 /* CFNetwork.framework */ = {isa = PBXFileReference; lastKnownFileType = wrapper.framework; name = CFNetwork.framework; path = System/Library/Frameworks/CFNetwork.framework; sourceTree = SDKROOT; };
		DBADCD8416F84CCA00065CB5 /* LeafMenuController.m */ = {isa = PBXFileReference; fileEncoding = 4; lastKnownFileType = sourcecode.c.objc; name = LeafMenuController.m; path = Controllers/LeafMenuController.m; sourceTree = "<group>"; };
		DBADCD8516F84CCA00065CB5 /* LeafMenuController.h */ = {isa = PBXFileReference; fileEncoding = 4; lastKnownFileType = sourcecode.c.h; name = LeafMenuController.h; path = Controllers/LeafMenuController.h; sourceTree = "<group>"; };
		DBADCD8616F84CCA00065CB5 /* LeafMainViewController.m */ = {isa = PBXFileReference; fileEncoding = 4; lastKnownFileType = sourcecode.c.objc; name = LeafMainViewController.m; path = Controllers/LeafMainViewController.m; sourceTree = "<group>"; };
		DBADCD8716F84CCA00065CB5 /* LeafMainViewController.h */ = {isa = PBXFileReference; fileEncoding = 4; lastKnownFileType = sourcecode.c.h; name = LeafMainViewController.h; path = Controllers/LeafMainViewController.h; sourceTree = "<group>"; };
		DBADCD9516F94DE000065CB5 /* LeafContentView.h */ = {isa = PBXFileReference; fileEncoding = 4; lastKnownFileType = sourcecode.c.h; name = LeafContentView.h; path = Views/LeafContentView.h; sourceTree = "<group>"; };
		DBADCD9616F94DE000065CB5 /* LeafContentView.m */ = {isa = PBXFileReference; fileEncoding = 4; lastKnownFileType = sourcecode.c.objc; name = LeafContentView.m; path = Views/LeafContentView.m; sourceTree = "<group>"; };
		DBD8259A16B6203C00EC4439 /* EGORefreshTableHeaderView.h */ = {isa = PBXFileReference; fileEncoding = 4; lastKnownFileType = sourcecode.c.h; path = EGORefreshTableHeaderView.h; sourceTree = "<group>"; };
		DBD8259B16B6203C00EC4439 /* EGORefreshTableHeaderView.m */ = {isa = PBXFileReference; fileEncoding = 4; lastKnownFileType = sourcecode.c.objc; path = EGORefreshTableHeaderView.m; sourceTree = "<group>"; };
		DBD8259F16B6204F00EC4439 /* LeafURLConnection.h */ = {isa = PBXFileReference; fileEncoding = 4; lastKnownFileType = sourcecode.c.h; path = LeafURLConnection.h; sourceTree = "<group>"; };
		DBD825A016B6204F00EC4439 /* LeafURLConnection.m */ = {isa = PBXFileReference; fileEncoding = 4; lastKnownFileType = sourcecode.c.objc; path = LeafURLConnection.m; sourceTree = "<group>"; };
		DBD825A916B6211800EC4439 /* QuartzCore.framework */ = {isa = PBXFileReference; lastKnownFileType = wrapper.framework; name = QuartzCore.framework; path = System/Library/Frameworks/QuartzCore.framework; sourceTree = SDKROOT; };
		DBD825AE16B6244900EC4439 /* LeafNewsData.h */ = {isa = PBXFileReference; fileEncoding = 4; lastKnownFileType = sourcecode.c.h; path = LeafNewsData.h; sourceTree = "<group>"; };
		DBD825AF16B6244900EC4439 /* LeafNewsData.m */ = {isa = PBXFileReference; fileEncoding = 4; lastKnownFileType = sourcecode.c.objc; path = LeafNewsData.m; sourceTree = "<group>"; };
		DBD825B216B6285E00EC4439 /* MBProgressHUD.h */ = {isa = PBXFileReference; fileEncoding = 4; lastKnownFileType = sourcecode.c.h; path = MBProgressHUD.h; sourceTree = "<group>"; };
		DBD825B316B6285E00EC4439 /* MBProgressHUD.m */ = {isa = PBXFileReference; fileEncoding = 4; lastKnownFileType = sourcecode.c.objc; path = MBProgressHUD.m; sourceTree = "<group>"; };
		DBD825B816B628C500EC4439 /* EGOLoadMoreTableFooterView.m */ = {isa = PBXFileReference; fileEncoding = 4; lastKnownFileType = sourcecode.c.objc; name = EGOLoadMoreTableFooterView.m; path = Views/EGOLoadMoreTableFooterView.m; sourceTree = "<group>"; };
		DBD825B916B628C500EC4439 /* EGOLoadMoreTableFooterView.h */ = {isa = PBXFileReference; fileEncoding = 4; lastKnownFileType = sourcecode.c.h; name = EGOLoadMoreTableFooterView.h; path = Views/EGOLoadMoreTableFooterView.h; sourceTree = "<group>"; };
		DBD825BB16B6295E00EC4439 /* LeafCommentBox.h */ = {isa = PBXFileReference; fileEncoding = 4; lastKnownFileType = sourcecode.c.h; name = LeafCommentBox.h; path = Views/LeafCommentBox.h; sourceTree = "<group>"; };
		DBD825BC16B6295E00EC4439 /* LeafCommentBox.m */ = {isa = PBXFileReference; fileEncoding = 4; lastKnownFileType = sourcecode.c.objc; name = LeafCommentBox.m; path = Views/LeafCommentBox.m; sourceTree = "<group>"; };
		DBD825C716B644D600EC4439 /* blackArrow.png */ = {isa = PBXFileReference; lastKnownFileType = image.png; path = blackArrow.png; sourceTree = "<group>"; };
		DBD825C816B644D600EC4439 /* blackArrow@2x.png */ = {isa = PBXFileReference; lastKnownFileType = image.png; path = "blackArrow@2x.png"; sourceTree = "<group>"; };
		DBD825C916B644D600EC4439 /* comment_box.png */ = {isa = PBXFileReference; lastKnownFileType = image.png; path = comment_box.png; sourceTree = "<group>"; };
		DBD825CA16B644D600EC4439 /* comment_box@2x.png */ = {isa = PBXFileReference; lastKnownFileType = image.png; path = "comment_box@2x.png"; sourceTree = "<group>"; };
		DBD825CD16B644D600EC4439 /* header_shadow.png */ = {isa = PBXFileReference; lastKnownFileType = image.png; path = header_shadow.png; sourceTree = "<group>"; };
		DBD825CE16B644D600EC4439 /* header_shadow@2x.png */ = {isa = PBXFileReference; lastKnownFileType = image.png; path = "header_shadow@2x.png"; sourceTree = "<group>"; };
		DBD825CF16B644D600EC4439 /* menu.png */ = {isa = PBXFileReference; lastKnownFileType = image.png; path = menu.png; sourceTree = "<group>"; };
		DBD825D016B644D600EC4439 /* menu@2x.png */ = {isa = PBXFileReference; lastKnownFileType = image.png; path = "menu@2x.png"; sourceTree = "<group>"; };
		DBD825D116B644D600EC4439 /* refresh.png */ = {isa = PBXFileReference; lastKnownFileType = image.png; path = refresh.png; sourceTree = "<group>"; };
		DBD825D216B644D600EC4439 /* refresh@2x.png */ = {isa = PBXFileReference; lastKnownFileType = image.png; path = "refresh@2x.png"; sourceTree = "<group>"; };
		DBD825D316B644D600EC4439 /* safari.png */ = {isa = PBXFileReference; lastKnownFileType = image.png; path = safari.png; sourceTree = "<group>"; };
		DBD825D416B644D600EC4439 /* safari@2x.png */ = {isa = PBXFileReference; lastKnownFileType = image.png; path = "safari@2x.png"; sourceTree = "<group>"; };
		DBD825D516B644D600EC4439 /* sep_line.png */ = {isa = PBXFileReference; lastKnownFileType = image.png; path = sep_line.png; sourceTree = "<group>"; };
		DBD825D616B644D600EC4439 /* sep_line@2x.png */ = {isa = PBXFileReference; lastKnownFileType = image.png; path = "sep_line@2x.png"; sourceTree = "<group>"; };
		DBD825D816B644D600EC4439 /* FZLanTingHei-DB-GBK.TTF */ = {isa = PBXFileReference; lastKnownFileType = file; path = "FZLanTingHei-DB-GBK.TTF"; sourceTree = "<group>"; };
		DBD825D916B644D600EC4439 /* FZLanTingHei-R-GBK.TTF */ = {isa = PBXFileReference; lastKnownFileType = file; path = "FZLanTingHei-R-GBK.TTF"; sourceTree = "<group>"; };
		DBD825EC16B6590200EC4439 /* LeafNewsItem.h */ = {isa = PBXFileReference; fileEncoding = 4; lastKnownFileType = sourcecode.c.h; name = LeafNewsItem.h; path = Views/LeafNewsItem.h; sourceTree = "<group>"; };
		DBD825ED16B6590300EC4439 /* LeafNewsItem.m */ = {isa = PBXFileReference; fileEncoding = 4; lastKnownFileType = sourcecode.c.objc; name = LeafNewsItem.m; path = Views/LeafNewsItem.m; sourceTree = "<group>"; };
		DBD825F016B65E1300EC4439 /* SDImageCache.h */ = {isa = PBXFileReference; fileEncoding = 4; lastKnownFileType = sourcecode.c.h; path = SDImageCache.h; sourceTree = "<group>"; };
		DBD825F116B65E1300EC4439 /* SDImageCache.m */ = {isa = PBXFileReference; fileEncoding = 4; lastKnownFileType = sourcecode.c.objc; path = SDImageCache.m; sourceTree = "<group>"; };
		DBD825F216B65E1300EC4439 /* SDImageCacheDelegate.h */ = {isa = PBXFileReference; fileEncoding = 4; lastKnownFileType = sourcecode.c.h; path = SDImageCacheDelegate.h; sourceTree = "<group>"; };
		DBD825F316B65E1300EC4439 /* SDWebImageCompat.h */ = {isa = PBXFileReference; fileEncoding = 4; lastKnownFileType = sourcecode.c.h; path = SDWebImageCompat.h; sourceTree = "<group>"; };
		DBD825F416B65E1300EC4439 /* SDWebImageDecoder.h */ = {isa = PBXFileReference; fileEncoding = 4; lastKnownFileType = sourcecode.c.h; path = SDWebImageDecoder.h; sourceTree = "<group>"; };
		DBD825F516B65E1300EC4439 /* SDWebImageDecoder.m */ = {isa = PBXFileReference; fileEncoding = 4; lastKnownFileType = sourcecode.c.objc; path = SDWebImageDecoder.m; sourceTree = "<group>"; };
		DBD825F616B65E1300EC4439 /* SDWebImageDownloader.h */ = {isa = PBXFileReference; fileEncoding = 4; lastKnownFileType = sourcecode.c.h; path = SDWebImageDownloader.h; sourceTree = "<group>"; };
		DBD825F716B65E1300EC4439 /* SDWebImageDownloader.m */ = {isa = PBXFileReference; fileEncoding = 4; lastKnownFileType = sourcecode.c.objc; path = SDWebImageDownloader.m; sourceTree = "<group>"; };
		DBD825F816B65E1300EC4439 /* SDWebImageDownloaderDelegate.h */ = {isa = PBXFileReference; fileEncoding = 4; lastKnownFileType = sourcecode.c.h; path = SDWebImageDownloaderDelegate.h; sourceTree = "<group>"; };
		DBD825F916B65E1300EC4439 /* SDWebImageManager.h */ = {isa = PBXFileReference; fileEncoding = 4; lastKnownFileType = sourcecode.c.h; path = SDWebImageManager.h; sourceTree = "<group>"; };
		DBD825FA16B65E1300EC4439 /* SDWebImageManager.m */ = {isa = PBXFileReference; fileEncoding = 4; lastKnownFileType = sourcecode.c.objc; path = SDWebImageManager.m; sourceTree = "<group>"; };
		DBD825FB16B65E1300EC4439 /* SDWebImageManagerDelegate.h */ = {isa = PBXFileReference; fileEncoding = 4; lastKnownFileType = sourcecode.c.h; path = SDWebImageManagerDelegate.h; sourceTree = "<group>"; };
		DBD825FC16B65E1300EC4439 /* SDWebImagePrefetcher.h */ = {isa = PBXFileReference; fileEncoding = 4; lastKnownFileType = sourcecode.c.h; path = SDWebImagePrefetcher.h; sourceTree = "<group>"; };
		DBD825FD16B65E1300EC4439 /* SDWebImagePrefetcher.m */ = {isa = PBXFileReference; fileEncoding = 4; lastKnownFileType = sourcecode.c.objc; path = SDWebImagePrefetcher.m; sourceTree = "<group>"; };
		DBD825FE16B65E1300EC4439 /* UIImageView+WebCache.h */ = {isa = PBXFileReference; fileEncoding = 4; lastKnownFileType = sourcecode.c.h; path = "UIImageView+WebCache.h"; sourceTree = "<group>"; };
		DBD825FF16B65E1300EC4439 /* UIImageView+WebCache.m */ = {isa = PBXFileReference; fileEncoding = 4; lastKnownFileType = sourcecode.c.objc; path = "UIImageView+WebCache.m"; sourceTree = "<group>"; };
		DBD8260616B6613900EC4439 /* ImageIO.framework */ = {isa = PBXFileReference; lastKnownFileType = wrapper.framework; name = ImageIO.framework; path = System/Library/Frameworks/ImageIO.framework; sourceTree = SDKROOT; };
		DBE3627616F0137200494A0C /* LeafConfig.h */ = {isa = PBXFileReference; fileEncoding = 4; lastKnownFileType = sourcecode.c.h; path = LeafConfig.h; sourceTree = "<group>"; };
		DBE3627716F0137200494A0C /* LeafConfig.m */ = {isa = PBXFileReference; fileEncoding = 4; lastKnownFileType = sourcecode.c.objc; path = LeafConfig.m; sourceTree = "<group>"; };
		DBE67FB1170BFFC100685DD2 /* LeafPhotoView.h */ = {isa = PBXFileReference; fileEncoding = 4; lastKnownFileType = sourcecode.c.h; name = LeafPhotoView.h; path = Views/LeafPhotoView.h; sourceTree = "<group>"; };
		DBE67FB2170BFFC100685DD2 /* LeafPhotoView.m */ = {isa = PBXFileReference; fileEncoding = 4; lastKnownFileType = sourcecode.c.objc; name = LeafPhotoView.m; path = Views/LeafPhotoView.m; sourceTree = "<group>"; };
		DBE67FB4170C17E200685DD2 /* photo_return.png */ = {isa = PBXFileReference; lastKnownFileType = image.png; path = photo_return.png; sourceTree = "<group>"; };
		DBE67FB5170C17E200685DD2 /* photo_return@2x.png */ = {isa = PBXFileReference; lastKnownFileType = image.png; path = "photo_return@2x.png"; sourceTree = "<group>"; };
		DBE67FB6170C17E200685DD2 /* photo_transmit.png */ = {isa = PBXFileReference; lastKnownFileType = image.png; path = photo_transmit.png; sourceTree = "<group>"; };
		DBE67FB7170C17E200685DD2 /* photo_transmit@2x.png */ = {isa = PBXFileReference; lastKnownFileType = image.png; path = "photo_transmit@2x.png"; sourceTree = "<group>"; };
		DBE67FBC170C180800685DD2 /* LeafBottomBar.h */ = {isa = PBXFileReference; fileEncoding = 4; lastKnownFileType = sourcecode.c.h; name = LeafBottomBar.h; path = Views/LeafBottomBar.h; sourceTree = "<group>"; };
		DBE67FBD170C180800685DD2 /* LeafBottomBar.m */ = {isa = PBXFileReference; fileEncoding = 4; lastKnownFileType = sourcecode.c.objc; name = LeafBottomBar.m; path = Views/LeafBottomBar.m; sourceTree = "<group>"; };
		DBE67FBF170C181B00685DD2 /* bottom_bg.png */ = {isa = PBXFileReference; lastKnownFileType = image.png; path = bottom_bg.png; sourceTree = "<group>"; };
		DBE67FC1170C1B9500685DD2 /* LeafPhotoViewController.h */ = {isa = PBXFileReference; fileEncoding = 4; lastKnownFileType = sourcecode.c.h; name = LeafPhotoViewController.h; path = Controllers/LeafPhotoViewController.h; sourceTree = "<group>"; };
		DBE67FC2170C1B9500685DD2 /* LeafPhotoViewController.m */ = {isa = PBXFileReference; fileEncoding = 4; lastKnownFileType = sourcecode.c.objc; name = LeafPhotoViewController.m; path = Controllers/LeafPhotoViewController.m; sourceTree = "<group>"; };
		DBECD52B16BA9EA000C4AE31 /* LeafLoadingView.h */ = {isa = PBXFileReference; fileEncoding = 4; lastKnownFileType = sourcecode.c.h; name = LeafLoadingView.h; path = Views/LeafLoadingView.h; sourceTree = "<group>"; };
		DBECD52C16BA9EA000C4AE31 /* LeafLoadingView.m */ = {isa = PBXFileReference; fileEncoding = 4; lastKnownFileType = sourcecode.c.objc; name = LeafLoadingView.m; path = Views/LeafLoadingView.m; sourceTree = "<group>"; };
		DBECD53216BAC32200C4AE31 /* leaf.css */ = {isa = PBXFileReference; fileEncoding = 4; lastKnownFileType = text.css; path = leaf.css; sourceTree = "<group>"; };
/* End PBXFileReference section */

/* Begin PBXFrameworksBuildPhase section */
		DB61AEC416B2589D006EC642 /* Frameworks */ = {
			isa = PBXFrameworksBuildPhase;
			buildActionMask = 2147483647;
			files = (
				DB9FDE7317093548002E4052 /* CFNetwork.framework in Frameworks */,
				DB9FDE711709352F002E4052 /* libz.dylib in Frameworks */,
				DB9FDE6F17093527002E4052 /* SystemConfiguration.framework in Frameworks */,
				DB9FDE6D17093520002E4052 /* MobileCoreServices.framework in Frameworks */,
				DB41071516E86D8E00DE7DB7 /* libxml2.2.dylib in Frameworks */,
				DBD8260716B6613900EC4439 /* ImageIO.framework in Frameworks */,
				DBD825AA16B6211800EC4439 /* QuartzCore.framework in Frameworks */,
				DB61AECC16B2589D006EC642 /* UIKit.framework in Frameworks */,
				DB61AECE16B2589D006EC642 /* Foundation.framework in Frameworks */,
				DB61AED016B2589D006EC642 /* CoreGraphics.framework in Frameworks */,
			);
			runOnlyForDeploymentPostprocessing = 0;
		};
/* End PBXFrameworksBuildPhase section */

/* Begin PBXGroup section */
		DB41070916E86BFF00DE7DB7 /* TFHpple */ = {
			isa = PBXGroup;
			children = (
				DB41070A16E86BFF00DE7DB7 /* TFHpple.h */,
				DB41070B16E86BFF00DE7DB7 /* TFHpple.m */,
				DB41070C16E86BFF00DE7DB7 /* TFHppleElement.h */,
				DB41070D16E86BFF00DE7DB7 /* TFHppleElement.m */,
				DB41070E16E86BFF00DE7DB7 /* XPathQuery.h */,
				DB41070F16E86BFF00DE7DB7 /* XPathQuery.m */,
			);
			name = TFHpple;
			path = Vender/TFHpple;
			sourceTree = "<group>";
		};
		DB4E547B16D3195700CBF9EB /* DDMenuController */ = {
			isa = PBXGroup;
			children = (
				DB4E547D16D3199C00CBF9EB /* DDMenuController.h */,
				DB4E547C16D3199C00CBF9EB /* DDMenuController.m */,
			);
			name = DDMenuController;
			sourceTree = "<group>";
		};
		DB61AEBC16B2589D006EC642 = {
			isa = PBXGroup;
			children = (
				DB8593E116B6C475009773F1 /* icon@2x.png */,
				DB8593DF16B6C46C009773F1 /* icon.png */,
				DB8593D016B55EAD009773F1 /* Default-568h@2x.png */,
				DB61AF0816B26DA3006EC642 /* Vender */,
				DB61AED116B2589D006EC642 /* Leaf */,
				DB61AF1316B2721B006EC642 /* Resources */,
				DB61AECA16B2589D006EC642 /* Frameworks */,
				DB61AEC816B2589D006EC642 /* Products */,
			);
			sourceTree = "<group>";
		};
		DB61AEC816B2589D006EC642 /* Products */ = {
			isa = PBXGroup;
			children = (
				DB61AEC716B2589D006EC642 /* Leaf.app */,
			);
			name = Products;
			sourceTree = "<group>";
		};
		DB61AECA16B2589D006EC642 /* Frameworks */ = {
			isa = PBXGroup;
			children = (
				DB9FDE7217093548002E4052 /* CFNetwork.framework */,
				DB9FDE701709352F002E4052 /* libz.dylib */,
				DB9FDE6E17093527002E4052 /* SystemConfiguration.framework */,
				DB9FDE6C17093520002E4052 /* MobileCoreServices.framework */,
				DB41071416E86D8E00DE7DB7 /* libxml2.2.dylib */,
				DBD8260616B6613900EC4439 /* ImageIO.framework */,
				DBD825A916B6211800EC4439 /* QuartzCore.framework */,
				DB61AECB16B2589D006EC642 /* UIKit.framework */,
				DB61AECD16B2589D006EC642 /* Foundation.framework */,
				DB61AECF16B2589D006EC642 /* CoreGraphics.framework */,
			);
			name = Frameworks;
			sourceTree = "<group>";
		};
		DB61AED116B2589D006EC642 /* Leaf */ = {
			isa = PBXGroup;
			children = (
				DB61AEDA16B2589D006EC642 /* AppDelegate.h */,
				DB61AEDB16B2589D006EC642 /* AppDelegate.m */,
				DB61AEE216B2590D006EC642 /* Controllers */,
				DB61AEFF16B25FF3006EC642 /* Views */,
				DBD8259E16B6204F00EC4439 /* Utils */,
				DB61AF3116B27812006EC642 /* Helper */,
				DB61AED216B2589D006EC642 /* Supporting Files */,
			);
			path = Leaf;
			sourceTree = "<group>";
		};
		DB61AED216B2589D006EC642 /* Supporting Files */ = {
			isa = PBXGroup;
			children = (
				DB61AED316B2589D006EC642 /* Leaf-Info.plist */,
				DB61AED416B2589D006EC642 /* InfoPlist.strings */,
				DB61AED716B2589D006EC642 /* main.m */,
				DB61AED916B2589D006EC642 /* Leaf-Prefix.pch */,
			);
			name = "Supporting Files";
			sourceTree = "<group>";
		};
		DB61AEE216B2590D006EC642 /* Controllers */ = {
			isa = PBXGroup;
			children = (
				DBADCD8416F84CCA00065CB5 /* LeafMenuController.m */,
				DBADCD8516F84CCA00065CB5 /* LeafMenuController.h */,
				DBADCD8616F84CCA00065CB5 /* LeafMainViewController.m */,
				DBADCD8716F84CCA00065CB5 /* LeafMainViewController.h */,
				DBE67FC1170C1B9500685DD2 /* LeafPhotoViewController.h */,
				DBE67FC2170C1B9500685DD2 /* LeafPhotoViewController.m */,
			);
			name = Controllers;
			sourceTree = "<group>";
		};
		DB61AEFF16B25FF3006EC642 /* Views */ = {
			isa = PBXGroup;
			children = (
				DBD825B916B628C500EC4439 /* EGOLoadMoreTableFooterView.h */,
				DBD825B816B628C500EC4439 /* EGOLoadMoreTableFooterView.m */,
				DB61AF1016B26F96006EC642 /* LeafNavigationBar.h */,
				DB61AF1116B26F96006EC642 /* LeafNavigationBar.m */,
				DBD825EC16B6590200EC4439 /* LeafNewsItem.h */,
				DBD825ED16B6590300EC4439 /* LeafNewsItem.m */,
				DBD825BB16B6295E00EC4439 /* LeafCommentBox.h */,
				DBD825BC16B6295E00EC4439 /* LeafCommentBox.m */,
				DBECD52B16BA9EA000C4AE31 /* LeafLoadingView.h */,
				DBECD52C16BA9EA000C4AE31 /* LeafLoadingView.m */,
				DBADCD9516F94DE000065CB5 /* LeafContentView.h */,
				DBADCD9616F94DE000065CB5 /* LeafContentView.m */,
				DB49CAC3170582DE004F3C7B /* LeafMenuItem.h */,
				DB49CAC4170582DF004F3C7B /* LeafMenuItem.m */,
				DBE67FB1170BFFC100685DD2 /* LeafPhotoView.h */,
				DBE67FB2170BFFC100685DD2 /* LeafPhotoView.m */,
				DBE67FBC170C180800685DD2 /* LeafBottomBar.h */,
				DBE67FBD170C180800685DD2 /* LeafBottomBar.m */,
			);
			name = Views;
			sourceTree = "<group>";
		};
		DB61AF0816B26DA3006EC642 /* Vender */ = {
			isa = PBXGroup;
			children = (
				DB9FDE451709350D002E4052 /* ASIHTTPRequest */,
				DB41070916E86BFF00DE7DB7 /* TFHpple */,
				DB4E547B16D3195700CBF9EB /* DDMenuController */,
				DBD825EF16B65E1200EC4439 /* SDWebImage */,
				DBD825B116B6285E00EC4439 /* MBProgressHUD */,
				DBD8259916B6203C00EC4439 /* RefreshTableHeaderView */,
			);
			name = Vender;
			sourceTree = "<group>";
		};
		DB61AF1316B2721B006EC642 /* Resources */ = {
			isa = PBXGroup;
			children = (
				DB70FDA316BA582800FD1A8E /* page.html */,
				DBECD53216BAC32200C4AE31 /* leaf.css */,
				DBD825C616B644D600EC4439 /* Images */,
				DBD825D716B644D600EC4439 /* Fonts */,
			);
			name = Resources;
			path = Leaf/Resources;
			sourceTree = "<group>";
		};
		DB61AF3116B27812006EC642 /* Helper */ = {
			isa = PBXGroup;
			children = (
				DB61AF3216B27812006EC642 /* LeafCategory.h */,
				DB61AF3316B27812006EC642 /* LeafCategory.m */,
				DB61AF3416B27812006EC642 /* LeafHelper.h */,
				DB61AF3516B27812006EC642 /* LeafMacros.h */,
				DB61AF3616B27812006EC642 /* UILabel+LeafHelper.h */,
				DB61AF3716B27812006EC642 /* UILabel+LeafHelper.m */,
			);
			path = Helper;
			sourceTree = "<group>";
		};
		DB9FDE451709350D002E4052 /* ASIHTTPRequest */ = {
			isa = PBXGroup;
			children = (
				DB9FDE461709350D002E4052 /* Classes */,
				DB9FDE5E1709350D002E4052 /* External */,
			);
			name = ASIHTTPRequest;
			path = Vender/ASIHTTPRequest;
			sourceTree = "<group>";
		};
		DB9FDE461709350D002E4052 /* Classes */ = {
			isa = PBXGroup;
			children = (
				DB9FDE471709350D002E4052 /* ASIAuthenticationDialog.h */,
				DB9FDE481709350D002E4052 /* ASIAuthenticationDialog.m */,
				DB9FDE491709350D002E4052 /* ASICacheDelegate.h */,
				DB9FDE4A1709350D002E4052 /* ASIDataCompressor.h */,
				DB9FDE4B1709350D002E4052 /* ASIDataCompressor.m */,
				DB9FDE4C1709350D002E4052 /* ASIDataDecompressor.h */,
				DB9FDE4D1709350D002E4052 /* ASIDataDecompressor.m */,
				DB9FDE4E1709350D002E4052 /* ASIDownloadCache.h */,
				DB9FDE4F1709350D002E4052 /* ASIDownloadCache.m */,
				DB9FDE501709350D002E4052 /* ASIFormDataRequest.h */,
				DB9FDE511709350D002E4052 /* ASIFormDataRequest.m */,
				DB9FDE521709350D002E4052 /* ASIHTTPRequest.h */,
				DB9FDE531709350D002E4052 /* ASIHTTPRequest.m */,
				DB9FDE541709350D002E4052 /* ASIHTTPRequestConfig.h */,
				DB9FDE551709350D002E4052 /* ASIHTTPRequestDelegate.h */,
				DB9FDE561709350D002E4052 /* ASIInputStream.h */,
				DB9FDE571709350D002E4052 /* ASIInputStream.m */,
				DB9FDE581709350D002E4052 /* ASINetworkQueue.h */,
				DB9FDE591709350D002E4052 /* ASINetworkQueue.m */,
				DB9FDE5A1709350D002E4052 /* ASIProgressDelegate.h */,
				DB9FDE5B1709350D002E4052 /* ASIWebPageRequest */,
			);
			path = Classes;
			sourceTree = "<group>";
		};
		DB9FDE5B1709350D002E4052 /* ASIWebPageRequest */ = {
			isa = PBXGroup;
			children = (
				DB9FDE5C1709350D002E4052 /* ASIWebPageRequest.h */,
				DB9FDE5D1709350D002E4052 /* ASIWebPageRequest.m */,
			);
			path = ASIWebPageRequest;
			sourceTree = "<group>";
		};
		DB9FDE5E1709350D002E4052 /* External */ = {
			isa = PBXGroup;
			children = (
				DB9FDE5F1709350D002E4052 /* Reachability */,
			);
			path = External;
			sourceTree = "<group>";
		};
		DB9FDE5F1709350D002E4052 /* Reachability */ = {
			isa = PBXGroup;
			children = (
				DB9FDE601709350D002E4052 /* Reachability.h */,
				DB9FDE611709350D002E4052 /* Reachability.m */,
			);
			path = Reachability;
			sourceTree = "<group>";
		};
		DBD8259916B6203C00EC4439 /* RefreshTableHeaderView */ = {
			isa = PBXGroup;
			children = (
				DBD8259A16B6203C00EC4439 /* EGORefreshTableHeaderView.h */,
				DBD8259B16B6203C00EC4439 /* EGORefreshTableHeaderView.m */,
			);
			name = RefreshTableHeaderView;
			path = Vender/RefreshTableHeaderView;
			sourceTree = "<group>";
		};
		DBD8259E16B6204F00EC4439 /* Utils */ = {
			isa = PBXGroup;
			children = (
				DBD8259F16B6204F00EC4439 /* LeafURLConnection.h */,
				DBD825A016B6204F00EC4439 /* LeafURLConnection.m */,
				DBD825AE16B6244900EC4439 /* LeafNewsData.h */,
				DBD825AF16B6244900EC4439 /* LeafNewsData.m */,
				DBE3627616F0137200494A0C /* LeafConfig.h */,
				DBE3627716F0137200494A0C /* LeafConfig.m */,
			);
			path = Utils;
			sourceTree = "<group>";
		};
		DBD825B116B6285E00EC4439 /* MBProgressHUD */ = {
			isa = PBXGroup;
			children = (
				DBD825B216B6285E00EC4439 /* MBProgressHUD.h */,
				DBD825B316B6285E00EC4439 /* MBProgressHUD.m */,
			);
			name = MBProgressHUD;
			path = Vender/MBProgressHUD;
			sourceTree = "<group>";
		};
		DBD825C616B644D600EC4439 /* Images */ = {
			isa = PBXGroup;
			children = (
				DBE67FBF170C181B00685DD2 /* bottom_bg.png */,
				DBE67FB4170C17E200685DD2 /* photo_return.png */,
				DBE67FB5170C17E200685DD2 /* photo_return@2x.png */,
				DBE67FB6170C17E200685DD2 /* photo_transmit.png */,
				DBE67FB7170C17E200685DD2 /* photo_transmit@2x.png */,
				DB9AEC80170B190C005EA0E6 /* home_icon_download.png */,
				DB9AEC81170B190C005EA0E6 /* home_icon_download@2x.png */,
				DB9AEC82170B190D005EA0E6 /* menu_latest@2x.png */,
				DB9AEC83170B190D005EA0E6 /* menu_saved@2x.png */,
				DB9AEC84170B190D005EA0E6 /* offline_download.png */,
				DB9AEC85170B190E005EA0E6 /* offline_download@2x.png */,
				DB70FD9416BA320700FD1A8E /* back.png */,
				DB70FD9516BA320800FD1A8E /* back@2x.png */,
				DB8593EB16B81012009773F1 /* close.png */,
				DB8593EC16B81012009773F1 /* close@2x.png */,
				DB8593DA16B6C45C009773F1 /* placeholder.png */,
				DB8593DB16B6C45C009773F1 /* placeholder@2x.png */,
				DBD825C716B644D600EC4439 /* blackArrow.png */,
				DBD825C816B644D600EC4439 /* blackArrow@2x.png */,
				DBD825C916B644D600EC4439 /* comment_box.png */,
				DBD825CA16B644D600EC4439 /* comment_box@2x.png */,
				DBD825CD16B644D600EC4439 /* header_shadow.png */,
				DBD825CE16B644D600EC4439 /* header_shadow@2x.png */,
				DBD825CF16B644D600EC4439 /* menu.png */,
				DBD825D016B644D600EC4439 /* menu@2x.png */,
				DBD825D116B644D600EC4439 /* refresh.png */,
				DBD825D216B644D600EC4439 /* refresh@2x.png */,
				DBD825D316B644D600EC4439 /* safari.png */,
				DBD825D416B644D600EC4439 /* safari@2x.png */,
				DBD825D516B644D600EC4439 /* sep_line.png */,
				DBD825D616B644D600EC4439 /* sep_line@2x.png */,
			);
			path = Images;
			sourceTree = "<group>";
		};
		DBD825D716B644D600EC4439 /* Fonts */ = {
			isa = PBXGroup;
			children = (
				DBD825D816B644D600EC4439 /* FZLanTingHei-DB-GBK.TTF */,
				DBD825D916B644D600EC4439 /* FZLanTingHei-R-GBK.TTF */,
			);
			path = Fonts;
			sourceTree = "<group>";
		};
		DBD825EF16B65E1200EC4439 /* SDWebImage */ = {
			isa = PBXGroup;
			children = (
				DBD825F016B65E1300EC4439 /* SDImageCache.h */,
				DBD825F116B65E1300EC4439 /* SDImageCache.m */,
				DBD825F216B65E1300EC4439 /* SDImageCacheDelegate.h */,
				DBD825F316B65E1300EC4439 /* SDWebImageCompat.h */,
				DBD825F416B65E1300EC4439 /* SDWebImageDecoder.h */,
				DBD825F516B65E1300EC4439 /* SDWebImageDecoder.m */,
				DBD825F616B65E1300EC4439 /* SDWebImageDownloader.h */,
				DBD825F716B65E1300EC4439 /* SDWebImageDownloader.m */,
				DBD825F816B65E1300EC4439 /* SDWebImageDownloaderDelegate.h */,
				DBD825F916B65E1300EC4439 /* SDWebImageManager.h */,
				DBD825FA16B65E1300EC4439 /* SDWebImageManager.m */,
				DBD825FB16B65E1300EC4439 /* SDWebImageManagerDelegate.h */,
				DBD825FC16B65E1300EC4439 /* SDWebImagePrefetcher.h */,
				DBD825FD16B65E1300EC4439 /* SDWebImagePrefetcher.m */,
				DBD825FE16B65E1300EC4439 /* UIImageView+WebCache.h */,
				DBD825FF16B65E1300EC4439 /* UIImageView+WebCache.m */,
			);
			name = SDWebImage;
			path = Vender/SDWebImage;
			sourceTree = "<group>";
		};
/* End PBXGroup section */

/* Begin PBXNativeTarget section */
		DB61AEC616B2589D006EC642 /* Leaf */ = {
			isa = PBXNativeTarget;
			buildConfigurationList = DB61AEDF16B2589D006EC642 /* Build configuration list for PBXNativeTarget "Leaf" */;
			buildPhases = (
				DB61AEC316B2589D006EC642 /* Sources */,
				DB61AEC416B2589D006EC642 /* Frameworks */,
				DB61AEC516B2589D006EC642 /* Resources */,
			);
			buildRules = (
			);
			dependencies = (
			);
			name = Leaf;
			productName = Leaf;
			productReference = DB61AEC716B2589D006EC642 /* Leaf.app */;
			productType = "com.apple.product-type.application";
		};
/* End PBXNativeTarget section */

/* Begin PBXProject section */
		DB61AEBE16B2589D006EC642 /* Project object */ = {
			isa = PBXProject;
			attributes = {
				LastUpgradeCheck = 0460;
				ORGANIZATIONNAME = Mobimtech;
			};
			buildConfigurationList = DB61AEC116B2589D006EC642 /* Build configuration list for PBXProject "Leaf" */;
			compatibilityVersion = "Xcode 3.2";
			developmentRegion = English;
			hasScannedForEncodings = 0;
			knownRegions = (
				en,
			);
			mainGroup = DB61AEBC16B2589D006EC642;
			productRefGroup = DB61AEC816B2589D006EC642 /* Products */;
			projectDirPath = "";
			projectRoot = "";
			targets = (
				DB61AEC616B2589D006EC642 /* Leaf */,
			);
		};
/* End PBXProject section */

/* Begin PBXResourcesBuildPhase section */
		DB61AEC516B2589D006EC642 /* Resources */ = {
			isa = PBXResourcesBuildPhase;
			buildActionMask = 2147483647;
			files = (
				DB61AED616B2589D006EC642 /* InfoPlist.strings in Resources */,
				DB8593D116B55EAD009773F1 /* Default-568h@2x.png in Resources */,
				DBD825DA16B644D600EC4439 /* blackArrow.png in Resources */,
				DBD825DB16B644D600EC4439 /* blackArrow@2x.png in Resources */,
				DBD825DC16B644D600EC4439 /* comment_box.png in Resources */,
				DBD825DD16B644D600EC4439 /* comment_box@2x.png in Resources */,
				DBD825E016B644D600EC4439 /* header_shadow.png in Resources */,
				DBD825E116B644D600EC4439 /* header_shadow@2x.png in Resources */,
				DBD825E216B644D600EC4439 /* menu.png in Resources */,
				DBD825E316B644D600EC4439 /* menu@2x.png in Resources */,
				DBD825E416B644D600EC4439 /* refresh.png in Resources */,
				DBD825E516B644D600EC4439 /* refresh@2x.png in Resources */,
				DBD825E616B644D600EC4439 /* safari.png in Resources */,
				DBD825E716B644D600EC4439 /* safari@2x.png in Resources */,
				DBD825E816B644D600EC4439 /* sep_line.png in Resources */,
				DBD825E916B644D600EC4439 /* sep_line@2x.png in Resources */,
				DBD825EA16B644D600EC4439 /* FZLanTingHei-DB-GBK.TTF in Resources */,
				DBD825EB16B644D600EC4439 /* FZLanTingHei-R-GBK.TTF in Resources */,
				DB8593DC16B6C45C009773F1 /* placeholder.png in Resources */,
				DB8593DD16B6C45C009773F1 /* placeholder@2x.png in Resources */,
				DB8593E016B6C46C009773F1 /* icon.png in Resources */,
				DB8593E216B6C475009773F1 /* icon@2x.png in Resources */,
				DB8593ED16B81012009773F1 /* close.png in Resources */,
				DB8593EE16B81012009773F1 /* close@2x.png in Resources */,
				DB70FD9616BA320800FD1A8E /* back.png in Resources */,
				DB70FD9716BA320800FD1A8E /* back@2x.png in Resources */,
				DB70FDA416BA582900FD1A8E /* page.html in Resources */,
				DBECD53316BAC32200C4AE31 /* leaf.css in Resources */,
				DB9AEC88170B190F005EA0E6 /* home_icon_download.png in Resources */,
				DB9AEC89170B190F005EA0E6 /* home_icon_download@2x.png in Resources */,
				DB9AEC8A170B190F005EA0E6 /* menu_latest@2x.png in Resources */,
				DB9AEC8B170B190F005EA0E6 /* menu_saved@2x.png in Resources */,
				DB9AEC8C170B190F005EA0E6 /* offline_download.png in Resources */,
				DB9AEC8D170B190F005EA0E6 /* offline_download@2x.png in Resources */,
				DBE67FB8170C17E200685DD2 /* photo_return.png in Resources */,
				DBE67FB9170C17E200685DD2 /* photo_return@2x.png in Resources */,
				DBE67FBA170C17E200685DD2 /* photo_transmit.png in Resources */,
				DBE67FBB170C17E200685DD2 /* photo_transmit@2x.png in Resources */,
				DBE67FC0170C181B00685DD2 /* bottom_bg.png in Resources */,
			);
			runOnlyForDeploymentPostprocessing = 0;
		};
/* End PBXResourcesBuildPhase section */

/* Begin PBXSourcesBuildPhase section */
		DB61AEC316B2589D006EC642 /* Sources */ = {
			isa = PBXSourcesBuildPhase;
			buildActionMask = 2147483647;
			files = (
				DB61AED816B2589D006EC642 /* main.m in Sources */,
				DB61AEDC16B2589D006EC642 /* AppDelegate.m in Sources */,
				DB61AF1216B26F96006EC642 /* LeafNavigationBar.m in Sources */,
				DB61AF3816B27812006EC642 /* LeafCategory.m in Sources */,
				DB61AF3916B27812006EC642 /* UILabel+LeafHelper.m in Sources */,
				DBD8259C16B6203C00EC4439 /* EGORefreshTableHeaderView.m in Sources */,
				DBD825A316B6204F00EC4439 /* LeafURLConnection.m in Sources */,
				DBD825B016B6244900EC4439 /* LeafNewsData.m in Sources */,
				DBD825B416B6285E00EC4439 /* MBProgressHUD.m in Sources */,
				DBD825BA16B628C500EC4439 /* EGOLoadMoreTableFooterView.m in Sources */,
				DBD825BD16B6295E00EC4439 /* LeafCommentBox.m in Sources */,
				DBD825EE16B6590700EC4439 /* LeafNewsItem.m in Sources */,
				DBD8260016B65E1300EC4439 /* SDImageCache.m in Sources */,
				DBD8260116B65E1300EC4439 /* SDWebImageDecoder.m in Sources */,
				DBD8260216B65E1300EC4439 /* SDWebImageDownloader.m in Sources */,
				DBD8260316B65E1300EC4439 /* SDWebImageManager.m in Sources */,
				DBD8260416B65E1300EC4439 /* SDWebImagePrefetcher.m in Sources */,
				DBD8260516B65E1300EC4439 /* UIImageView+WebCache.m in Sources */,
				DBECD52D16BA9EA000C4AE31 /* LeafLoadingView.m in Sources */,
				DB4E547E16D3199C00CBF9EB /* DDMenuController.m in Sources */,
				DB41071016E86BFF00DE7DB7 /* TFHpple.m in Sources */,
				DB41071116E86BFF00DE7DB7 /* TFHppleElement.m in Sources */,
				DB41071216E86BFF00DE7DB7 /* XPathQuery.m in Sources */,
				DBE3627816F0137200494A0C /* LeafConfig.m in Sources */,
				DBADCD8A16F84CCA00065CB5 /* LeafMenuController.m in Sources */,
				DBADCD8B16F84CCA00065CB5 /* LeafMainViewController.m in Sources */,
				DBADCD9716F94DE000065CB5 /* LeafContentView.m in Sources */,
				DB49CAC5170582E0004F3C7B /* LeafMenuItem.m in Sources */,
				DB9FDE621709350D002E4052 /* ASIAuthenticationDialog.m in Sources */,
				DB9FDE631709350D002E4052 /* ASIDataCompressor.m in Sources */,
				DB9FDE641709350D002E4052 /* ASIDataDecompressor.m in Sources */,
				DB9FDE651709350D002E4052 /* ASIDownloadCache.m in Sources */,
				DB9FDE661709350D002E4052 /* ASIFormDataRequest.m in Sources */,
				DB9FDE671709350D002E4052 /* ASIHTTPRequest.m in Sources */,
				DB9FDE681709350D002E4052 /* ASIInputStream.m in Sources */,
				DB9FDE691709350D002E4052 /* ASINetworkQueue.m in Sources */,
				DB9FDE6A1709350D002E4052 /* ASIWebPageRequest.m in Sources */,
				DB9FDE6B1709350D002E4052 /* Reachability.m in Sources */,
				DBE67FB3170BFFC100685DD2 /* LeafPhotoView.m in Sources */,
				DBE67FBE170C180800685DD2 /* LeafBottomBar.m in Sources */,
				DBE67FC3170C1B9500685DD2 /* LeafPhotoViewController.m in Sources */,
			);
			runOnlyForDeploymentPostprocessing = 0;
		};
/* End PBXSourcesBuildPhase section */

/* Begin PBXVariantGroup section */
		DB61AED416B2589D006EC642 /* InfoPlist.strings */ = {
			isa = PBXVariantGroup;
			children = (
				DB61AED516B2589D006EC642 /* en */,
			);
			name = InfoPlist.strings;
			sourceTree = "<group>";
		};
/* End PBXVariantGroup section */

/* Begin XCBuildConfiguration section */
		DB61AEDD16B2589D006EC642 /* Debug */ = {
			isa = XCBuildConfiguration;
			buildSettings = {
				ALWAYS_SEARCH_USER_PATHS = NO;
				ARCHS = "$(ARCHS_STANDARD_32_BIT)";
				CLANG_WARN_CONSTANT_CONVERSION = YES;
				CLANG_WARN_ENUM_CONVERSION = YES;
				CLANG_WARN_INT_CONVERSION = YES;
				CLANG_WARN__DUPLICATE_METHOD_MATCH = YES;
				CODE_SIGN_IDENTITY = "iPhone Developer: shangjiang qian (NRFS79TKV7)";
				"CODE_SIGN_IDENTITY[sdk=iphoneos*]" = "iPhone Developer";
				COPY_PHASE_STRIP = NO;
				GCC_C_LANGUAGE_STANDARD = gnu99;
				GCC_DYNAMIC_NO_PIC = NO;
				GCC_OPTIMIZATION_LEVEL = 0;
				GCC_PREPROCESSOR_DEFINITIONS = (
					"DEBUG=1",
					"$(inherited)",
				);
				GCC_SYMBOLS_PRIVATE_EXTERN = NO;
				GCC_VERSION = com.apple.compilers.llvm.clang.1_0;
				GCC_WARN_ABOUT_MISSING_PROTOTYPES = YES;
				GCC_WARN_ABOUT_RETURN_TYPE = YES;
				GCC_WARN_UNINITIALIZED_AUTOS = YES;
				GCC_WARN_UNUSED_VARIABLE = YES;
				HEADER_SEARCH_PATHS = "$(SDKROOT)/usr/include/libxml2/**";
				IPHONEOS_DEPLOYMENT_TARGET = 5.0;
				PROVISIONING_PROFILE = "8C3A8181-0E8A-45E8-908D-E7F2ADE8E383";
				SDKROOT = iphoneos;
			};
			name = Debug;
		};
		DB61AEDE16B2589D006EC642 /* Release */ = {
			isa = XCBuildConfiguration;
			buildSettings = {
				ALWAYS_SEARCH_USER_PATHS = NO;
				ARCHS = "$(ARCHS_STANDARD_32_BIT)";
				CLANG_WARN_CONSTANT_CONVERSION = YES;
				CLANG_WARN_ENUM_CONVERSION = YES;
				CLANG_WARN_INT_CONVERSION = YES;
				CLANG_WARN__DUPLICATE_METHOD_MATCH = YES;
				CODE_SIGN_IDENTITY = "iPhone Developer: shangjiang qian (NRFS79TKV7)";
				"CODE_SIGN_IDENTITY[sdk=iphoneos*]" = "iPhone Developer";
				COPY_PHASE_STRIP = YES;
				GCC_C_LANGUAGE_STANDARD = gnu99;
				GCC_VERSION = com.apple.compilers.llvm.clang.1_0;
				GCC_WARN_ABOUT_MISSING_PROTOTYPES = YES;
				GCC_WARN_ABOUT_RETURN_TYPE = YES;
				GCC_WARN_UNINITIALIZED_AUTOS = YES;
				GCC_WARN_UNUSED_VARIABLE = YES;
				HEADER_SEARCH_PATHS = "$(SDKROOT)/usr/include/libxml2/**";
				IPHONEOS_DEPLOYMENT_TARGET = 5.0;
				OTHER_CFLAGS = "-DNS_BLOCK_ASSERTIONS=1";
				PROVISIONING_PROFILE = "8C3A8181-0E8A-45E8-908D-E7F2ADE8E383";
				SDKROOT = iphoneos;
				VALIDATE_PRODUCT = YES;
			};
			name = Release;
		};
		DB61AEE016B2589D006EC642 /* Debug */ = {
			isa = XCBuildConfiguration;
			buildSettings = {
				CODE_SIGN_IDENTITY = "iPhone Developer";
				"CODE_SIGN_IDENTITY[sdk=iphoneos*]" = "iPhone Developer";
				GCC_PRECOMPILE_PREFIX_HEADER = YES;
				GCC_PREFIX_HEADER = "Leaf/Leaf-Prefix.pch";
				INFOPLIST_FILE = "Leaf/Leaf-Info.plist";
				PRODUCT_NAME = "$(TARGET_NAME)";
				PROVISIONING_PROFILE = "";
				"PROVISIONING_PROFILE[sdk=iphoneos*]" = "";
				WRAPPER_EXTENSION = app;
			};
			name = Debug;
		};
		DB61AEE116B2589D006EC642 /* Release */ = {
			isa = XCBuildConfiguration;
			buildSettings = {
				CODE_SIGN_IDENTITY = "iPhone Developer";
				"CODE_SIGN_IDENTITY[sdk=iphoneos*]" = "iPhone Developer";
				GCC_PRECOMPILE_PREFIX_HEADER = YES;
				GCC_PREFIX_HEADER = "Leaf/Leaf-Prefix.pch";
				INFOPLIST_FILE = "Leaf/Leaf-Info.plist";
				PRODUCT_NAME = "$(TARGET_NAME)";
				PROVISIONING_PROFILE = "";
				"PROVISIONING_PROFILE[sdk=iphoneos*]" = "";
				WRAPPER_EXTENSION = app;
			};
			name = Release;
		};
/* End XCBuildConfiguration section */

/* Begin XCConfigurationList section */
		DB61AEC116B2589D006EC642 /* Build configuration list for PBXProject "Leaf" */ = {
			isa = XCConfigurationList;
			buildConfigurations = (
				DB61AEDD16B2589D006EC642 /* Debug */,
				DB61AEDE16B2589D006EC642 /* Release */,
			);
			defaultConfigurationIsVisible = 0;
			defaultConfigurationName = Release;
		};
		DB61AEDF16B2589D006EC642 /* Build configuration list for PBXNativeTarget "Leaf" */ = {
			isa = XCConfigurationList;
			buildConfigurations = (
				DB61AEE016B2589D006EC642 /* Debug */,
				DB61AEE116B2589D006EC642 /* Release */,
			);
			defaultConfigurationIsVisible = 0;
			defaultConfigurationName = Release;
		};
/* End XCConfigurationList section */
	};
	rootObject = DB61AEBE16B2589D006EC642 /* Project object */;
}
